
Microsoft Visual Studio Solution File, Format Version 11.00
# Visual C# Express 2010
Project("{FAE04EC0-301F-11D3-BF4B-00C04F79EFBC}") = "MASGAU", "MASGAU\MASGAU.csproj", "{E62FA937-9B38-4475-87D4-1A79EC4DD7E5}"
EndProject
Project("{FAE04EC0-301F-11D3-BF4B-00C04F79EFBC}") = "Data", "Data\Data.csproj", "{BE8FCB2E-AACA-446F-AF9A-F201BE2989C0}"
EndProject
Project("{FAE04EC0-301F-11D3-BF4B-00C04F79EFBC}") = "MASGAU.Monitor", "MASGAU.Monitor\MASGAU.Monitor.csproj", "{4232A9BF-FEB6-43CE-B1DA-FD9738179197}"
EndProject
Project("{FAE04EC0-301F-11D3-BF4B-00C04F79EFBC}") = "MASGAU.Main", "MASGAU.Main\MASGAU.Main.csproj", "{200C1855-FBC7-4133-A5DD-0B1C32B75121}"
EndProject
Project("{FAE04EC0-301F-11D3-BF4B-00C04F79EFBC}") = "MASGAU.Analyzer", "MASGAU.Analyzer\MASGAU.Analyzer.csproj", "{B01BFC57-F093-40C5-AE96-BF81B89176C2}"
EndProject
Project("{FAE04EC0-301F-11D3-BF4B-00C04F79EFBC}") = "MASGAU.Updater", "MASGAU.Updater\MASGAU.Updater.csproj", "{589E0815-04F6-4DE2-9CAE-F330D66FFE81}"
EndProject
Project("{FAE04EC0-301F-11D3-BF4B-00C04F79EFBC}") = "MASGAU.Analyzer.WPF", "MASGAU.Analyzer.WPF\MASGAU.Analyzer.WPF.csproj", "{35EC52BF-5C17-44ED-A3F7-D5D999EF8C41}"
EndProject
Project("{FAE04EC0-301F-11D3-BF4B-00C04F79EFBC}") = "MASGAU.WPF", "MASGAU.WPF\MASGAU.WPF.csproj", "{D82CC8E8-A027-419F-A3BD-BE9C9D39E712}"
EndProject
Project("{FAE04EC0-301F-11D3-BF4B-00C04F79EFBC}") = "MASGAU.Main.WPF", "MASGAU.Main.WPF\MASGAU.Main.WPF.csproj", "{296B239E-C406-4722-9546-98CC86F9FA1B}"
EndProject
Project("{FAE04EC0-301F-11D3-BF4B-00C04F79EFBC}") = "MASGAU.Windows", "MASGAU.Windows\MASGAU.Windows.csproj", "{A6D1C254-0DD5-44FF-8DC6-2311897EE58D}"
EndProject
Project("{FAE04EC0-301F-11D3-BF4B-00C04F79EFBC}") = "MASGAU.Updater.WPF", "MASGAU.Updater.WPF\MASGAU.Updater.WPF.csproj", "{FAB69D6D-5810-486A-998B-42B2296C0CF4}"
EndProject
Project("{FAE04EC0-301F-11D3-BF4B-00C04F79EFBC}") = "MASGAU.Monitor.WPF", "MASGAU.Monitor.WPF\MASGAU.Monitor.WPF.csproj", "{D2C4B8CB-CC0C-4215-8E3B-66717A0D080F}"
EndProject
Project("{FAE04EC0-301F-11D3-BF4B-00C04F79EFBC}") = "MASGAU.Restore.WPF", "MASGAU.Restore.WPF\MASGAU.Restore.WPF.csproj", "{9CD9FC1E-56D9-4ABE-B65C-9874CDD54D5E}"
EndProject
Project("{FAE04EC0-301F-11D3-BF4B-00C04F79EFBC}") = "MASGAU.Console.Windows", "MASGAU.Console.Windows\MASGAU.Console.Windows.csproj", "{F5F22856-EF47-48E9-9A1D-2FACE3033CA8}"
EndProject
Project("{FAE04EC0-301F-11D3-BF4B-00C04F79EFBC}") = "MASGAU.Console", "MASGAU.Console\MASGAU.Console.csproj", "{C6B94E9A-53EF-4878-801C-0AB5D657F9AB}"
EndProject
Project("{FAE04EC0-301F-11D3-BF4B-00C04F79EFBC}") = "Translations", "Translations\Translations.csproj", "{15E3EF1C-3EBB-4263-BABB-03FEDEC6A41E}"
EndProject
Project("{FAE04EC0-301F-11D3-BF4B-00C04F79EFBC}") = "Logger", "Logger\Logger.csproj", "{CD1B810F-38EC-41CE-974F-7B0EE5CD8B87}"
EndProject
Project("{FAE04EC0-301F-11D3-BF4B-00C04F79EFBC}") = "Communication", "Communication\Communication.csproj", "{23E0FE77-1F5E-4B67-8F42-52F46989C4D1}"
EndProject
Project("{FAE04EC0-301F-11D3-BF4B-00C04F79EFBC}") = "Collections", "Collections\Collections.csproj", "{88E4E120-9C45-4EAC-887B-B77474B799B4}"
EndProject
Project("{FAE04EC0-301F-11D3-BF4B-00C04F79EFBC}") = "Communication.WPF", "Communication.WPF\Communication.WPF.csproj", "{3F9A5444-ACD7-41C8-A133-8EF0280CB41B}"
EndProject
Project("{FAE04EC0-301F-11D3-BF4B-00C04F79EFBC}") = "Config", "Config\Config.csproj", "{8176F259-FA07-4CA5-943D-4AA31D5FB857}"
EndProject
Project("{FAE04EC0-301F-11D3-BF4B-00C04F79EFBC}") = "MVC", "MVC\MVC.csproj", "{4670BE82-DDDF-4614-BE3B-FB5DE4226D93}"
EndProject
Project("{FAE04EC0-301F-11D3-BF4B-00C04F79EFBC}") = "Translations.WPF", "Translations.WPF\Translations.WPF.csproj", "{9DD8A502-1632-4F99-9964-7F45FD1AEEE6}"
EndProject
Project("{FAE04EC0-301F-11D3-BF4B-00C04F79EFBC}") = "Email", "Email\Email.csproj", "{4B1E68FF-639F-4C26-98FC-59409D584BE2}"
EndProject
Project("{FAE04EC0-301F-11D3-BF4B-00C04F79EFBC}") = "Communication.Translator", "Communication.Translator\Communication.Translator.csproj", "{DAEA22A4-5568-4132-8BA8-89D1B50A2C10}"
EndProject
Global
	GlobalSection(SolutionConfigurationPlatforms) = preSolution
		Debug|Any CPU = Debug|Any CPU
		Debug|Mixed Platforms = Debug|Mixed Platforms
		Debug|x86 = Debug|x86
		Release|Any CPU = Release|Any CPU
		Release|Mixed Platforms = Release|Mixed Platforms
		Release|x86 = Release|x86
	EndGlobalSection
	GlobalSection(ProjectConfigurationPlatforms) = postSolution
		{E62FA937-9B38-4475-87D4-1A79EC4DD7E5}.Debug|Any CPU.ActiveCfg = Debug|Any CPU
		{E62FA937-9B38-4475-87D4-1A79EC4DD7E5}.Debug|Any CPU.Build.0 = Debug|Any CPU
		{E62FA937-9B38-4475-87D4-1A79EC4DD7E5}.Debug|Mixed Platforms.ActiveCfg = Debug|Any CPU
		{E62FA937-9B38-4475-87D4-1A79EC4DD7E5}.Debug|Mixed Platforms.Build.0 = Debug|Any CPU
		{E62FA937-9B38-4475-87D4-1A79EC4DD7E5}.Debug|x86.ActiveCfg = Debug|Any CPU
		{E62FA937-9B38-4475-87D4-1A79EC4DD7E5}.Release|Any CPU.ActiveCfg = Release|Any CPU
		{E62FA937-9B38-4475-87D4-1A79EC4DD7E5}.Release|Any CPU.Build.0 = Release|Any CPU
		{E62FA937-9B38-4475-87D4-1A79EC4DD7E5}.Release|Mixed Platforms.ActiveCfg = Release|Any CPU
		{E62FA937-9B38-4475-87D4-1A79EC4DD7E5}.Release|Mixed Platforms.Build.0 = Release|Any CPU
		{E62FA937-9B38-4475-87D4-1A79EC4DD7E5}.Release|x86.ActiveCfg = Release|Any CPU
		{BE8FCB2E-AACA-446F-AF9A-F201BE2989C0}.Debug|Any CPU.ActiveCfg = Debug|Any CPU
		{BE8FCB2E-AACA-446F-AF9A-F201BE2989C0}.Debug|Any CPU.Build.0 = Debug|Any CPU
		{BE8FCB2E-AACA-446F-AF9A-F201BE2989C0}.Debug|Mixed Platforms.ActiveCfg = Debug|Any CPU
		{BE8FCB2E-AACA-446F-AF9A-F201BE2989C0}.Debug|Mixed Platforms.Build.0 = Debug|Any CPU
		{BE8FCB2E-AACA-446F-AF9A-F201BE2989C0}.Debug|x86.ActiveCfg = Debug|Any CPU
		{BE8FCB2E-AACA-446F-AF9A-F201BE2989C0}.Release|Any CPU.ActiveCfg = Release|Any CPU
		{BE8FCB2E-AACA-446F-AF9A-F201BE2989C0}.Release|Any CPU.Build.0 = Release|Any CPU
		{BE8FCB2E-AACA-446F-AF9A-F201BE2989C0}.Release|Mixed Platforms.ActiveCfg = Release|Any CPU
		{BE8FCB2E-AACA-446F-AF9A-F201BE2989C0}.Release|Mixed Platforms.Build.0 = Release|Any CPU
		{BE8FCB2E-AACA-446F-AF9A-F201BE2989C0}.Release|x86.ActiveCfg = Release|Any CPU
		{4232A9BF-FEB6-43CE-B1DA-FD9738179197}.Debug|Any CPU.ActiveCfg = Debug|Any CPU
		{4232A9BF-FEB6-43CE-B1DA-FD9738179197}.Debug|Any CPU.Build.0 = Debug|Any CPU
		{4232A9BF-FEB6-43CE-B1DA-FD9738179197}.Debug|Mixed Platforms.ActiveCfg = Debug|Any CPU
		{4232A9BF-FEB6-43CE-B1DA-FD9738179197}.Debug|Mixed Platforms.Build.0 = Debug|Any CPU
		{4232A9BF-FEB6-43CE-B1DA-FD9738179197}.Debug|x86.ActiveCfg = Debug|Any CPU
		{4232A9BF-FEB6-43CE-B1DA-FD9738179197}.Release|Any CPU.ActiveCfg = Release|Any CPU
		{4232A9BF-FEB6-43CE-B1DA-FD9738179197}.Release|Any CPU.Build.0 = Release|Any CPU
		{4232A9BF-FEB6-43CE-B1DA-FD9738179197}.Release|Mixed Platforms.ActiveCfg = Release|Any CPU
		{4232A9BF-FEB6-43CE-B1DA-FD9738179197}.Release|Mixed Platforms.Build.0 = Release|Any CPU
		{4232A9BF-FEB6-43CE-B1DA-FD9738179197}.Release|x86.ActiveCfg = Release|Any CPU
		{200C1855-FBC7-4133-A5DD-0B1C32B75121}.Debug|Any CPU.ActiveCfg = Debug|Any CPU
		{200C1855-FBC7-4133-A5DD-0B1C32B75121}.Debug|Any CPU.Build.0 = Debug|Any CPU
		{200C1855-FBC7-4133-A5DD-0B1C32B75121}.Debug|Mixed Platforms.ActiveCfg = Debug|Any CPU
		{200C1855-FBC7-4133-A5DD-0B1C32B75121}.Debug|Mixed Platforms.Build.0 = Debug|Any CPU
		{200C1855-FBC7-4133-A5DD-0B1C32B75121}.Debug|x86.ActiveCfg = Debug|Any CPU
		{200C1855-FBC7-4133-A5DD-0B1C32B75121}.Release|Any CPU.ActiveCfg = Release|Any CPU
		{200C1855-FBC7-4133-A5DD-0B1C32B75121}.Release|Any CPU.Build.0 = Release|Any CPU
		{200C1855-FBC7-4133-A5DD-0B1C32B75121}.Release|Mixed Platforms.ActiveCfg = Release|Any CPU
		{200C1855-FBC7-4133-A5DD-0B1C32B75121}.Release|Mixed Platforms.Build.0 = Release|Any CPU
		{200C1855-FBC7-4133-A5DD-0B1C32B75121}.Release|x86.ActiveCfg = Release|Any CPU
		{B01BFC57-F093-40C5-AE96-BF81B89176C2}.Debug|Any CPU.ActiveCfg = Debug|Any CPU
		{B01BFC57-F093-40C5-AE96-BF81B89176C2}.Debug|Any CPU.Build.0 = Debug|Any CPU
		{B01BFC57-F093-40C5-AE96-BF81B89176C2}.Debug|Mixed Platforms.ActiveCfg = Debug|Any CPU
		{B01BFC57-F093-40C5-AE96-BF81B89176C2}.Debug|Mixed Platforms.Build.0 = Debug|Any CPU
		{B01BFC57-F093-40C5-AE96-BF81B89176C2}.Debug|x86.ActiveCfg = Debug|Any CPU
		{B01BFC57-F093-40C5-AE96-BF81B89176C2}.Release|Any CPU.ActiveCfg = Release|Any CPU
		{B01BFC57-F093-40C5-AE96-BF81B89176C2}.Release|Any CPU.Build.0 = Release|Any CPU
		{B01BFC57-F093-40C5-AE96-BF81B89176C2}.Release|Mixed Platforms.ActiveCfg = Release|Any CPU
		{B01BFC57-F093-40C5-AE96-BF81B89176C2}.Release|Mixed Platforms.Build.0 = Release|Any CPU
		{B01BFC57-F093-40C5-AE96-BF81B89176C2}.Release|x86.ActiveCfg = Release|Any CPU
		{589E0815-04F6-4DE2-9CAE-F330D66FFE81}.Debug|Any CPU.ActiveCfg = Debug|Any CPU
		{589E0815-04F6-4DE2-9CAE-F330D66FFE81}.Debug|Any CPU.Build.0 = Debug|Any CPU
		{589E0815-04F6-4DE2-9CAE-F330D66FFE81}.Debug|Mixed Platforms.ActiveCfg = Debug|Any CPU
		{589E0815-04F6-4DE2-9CAE-F330D66FFE81}.Debug|Mixed Platforms.Build.0 = Debug|Any CPU
		{589E0815-04F6-4DE2-9CAE-F330D66FFE81}.Debug|x86.ActiveCfg = Debug|Any CPU
		{589E0815-04F6-4DE2-9CAE-F330D66FFE81}.Release|Any CPU.ActiveCfg = Release|Any CPU
		{589E0815-04F6-4DE2-9CAE-F330D66FFE81}.Release|Any CPU.Build.0 = Release|Any CPU
		{589E0815-04F6-4DE2-9CAE-F330D66FFE81}.Release|Mixed Platforms.ActiveCfg = Release|Any CPU
		{589E0815-04F6-4DE2-9CAE-F330D66FFE81}.Release|Mixed Platforms.Build.0 = Release|Any CPU
		{589E0815-04F6-4DE2-9CAE-F330D66FFE81}.Release|x86.ActiveCfg = Release|Any CPU
		{35EC52BF-5C17-44ED-A3F7-D5D999EF8C41}.Debug|Any CPU.ActiveCfg = Debug|Any CPU
		{35EC52BF-5C17-44ED-A3F7-D5D999EF8C41}.Debug|Any CPU.Build.0 = Debug|Any CPU
		{35EC52BF-5C17-44ED-A3F7-D5D999EF8C41}.Debug|Mixed Platforms.ActiveCfg = Debug|Any CPU
		{35EC52BF-5C17-44ED-A3F7-D5D999EF8C41}.Debug|Mixed Platforms.Build.0 = Debug|Any CPU
		{35EC52BF-5C17-44ED-A3F7-D5D999EF8C41}.Debug|x86.ActiveCfg = Debug|Any CPU
		{35EC52BF-5C17-44ED-A3F7-D5D999EF8C41}.Release|Any CPU.ActiveCfg = Release|Any CPU
		{35EC52BF-5C17-44ED-A3F7-D5D999EF8C41}.Release|Any CPU.Build.0 = Release|Any CPU
		{35EC52BF-5C17-44ED-A3F7-D5D999EF8C41}.Release|Mixed Platforms.ActiveCfg = Release|Any CPU
		{35EC52BF-5C17-44ED-A3F7-D5D999EF8C41}.Release|Mixed Platforms.Build.0 = Release|Any CPU
		{35EC52BF-5C17-44ED-A3F7-D5D999EF8C41}.Release|x86.ActiveCfg = Release|Any CPU
		{D82CC8E8-A027-419F-A3BD-BE9C9D39E712}.Debug|Any CPU.ActiveCfg = Debug|Any CPU
		{D82CC8E8-A027-419F-A3BD-BE9C9D39E712}.Debug|Any CPU.Build.0 = Debug|Any CPU
		{D82CC8E8-A027-419F-A3BD-BE9C9D39E712}.Debug|Mixed Platforms.ActiveCfg = Debug|Any CPU
		{D82CC8E8-A027-419F-A3BD-BE9C9D39E712}.Debug|Mixed Platforms.Build.0 = Debug|Any CPU
		{D82CC8E8-A027-419F-A3BD-BE9C9D39E712}.Debug|x86.ActiveCfg = Debug|Any CPU
		{D82CC8E8-A027-419F-A3BD-BE9C9D39E712}.Release|Any CPU.ActiveCfg = Release|Any CPU
		{D82CC8E8-A027-419F-A3BD-BE9C9D39E712}.Release|Any CPU.Build.0 = Release|Any CPU
		{D82CC8E8-A027-419F-A3BD-BE9C9D39E712}.Release|Mixed Platforms.ActiveCfg = Release|Any CPU
		{D82CC8E8-A027-419F-A3BD-BE9C9D39E712}.Release|Mixed Platforms.Build.0 = Release|Any CPU
		{D82CC8E8-A027-419F-A3BD-BE9C9D39E712}.Release|x86.ActiveCfg = Release|Any CPU
		{296B239E-C406-4722-9546-98CC86F9FA1B}.Debug|Any CPU.ActiveCfg = Debug|Any CPU
		{296B239E-C406-4722-9546-98CC86F9FA1B}.Debug|Any CPU.Build.0 = Debug|Any CPU
		{296B239E-C406-4722-9546-98CC86F9FA1B}.Debug|Mixed Platforms.ActiveCfg = Debug|Any CPU
		{296B239E-C406-4722-9546-98CC86F9FA1B}.Debug|Mixed Platforms.Build.0 = Debug|Any CPU
		{296B239E-C406-4722-9546-98CC86F9FA1B}.Debug|x86.ActiveCfg = Debug|Any CPU
		{296B239E-C406-4722-9546-98CC86F9FA1B}.Release|Any CPU.ActiveCfg = Release|Any CPU
		{296B239E-C406-4722-9546-98CC86F9FA1B}.Release|Any CPU.Build.0 = Release|Any CPU
		{296B239E-C406-4722-9546-98CC86F9FA1B}.Release|Mixed Platforms.ActiveCfg = Release|Any CPU
		{296B239E-C406-4722-9546-98CC86F9FA1B}.Release|Mixed Platforms.Build.0 = Release|Any CPU
		{296B239E-C406-4722-9546-98CC86F9FA1B}.Release|x86.ActiveCfg = Release|Any CPU
		{A6D1C254-0DD5-44FF-8DC6-2311897EE58D}.Debug|Any CPU.ActiveCfg = Debug|Any CPU
		{A6D1C254-0DD5-44FF-8DC6-2311897EE58D}.Debug|Any CPU.Build.0 = Debug|Any CPU
		{A6D1C254-0DD5-44FF-8DC6-2311897EE58D}.Debug|Mixed Platforms.ActiveCfg = Debug|Any CPU
		{A6D1C254-0DD5-44FF-8DC6-2311897EE58D}.Debug|Mixed Platforms.Build.0 = Debug|Any CPU
		{A6D1C254-0DD5-44FF-8DC6-2311897EE58D}.Debug|x86.ActiveCfg = Debug|Any CPU
		{A6D1C254-0DD5-44FF-8DC6-2311897EE58D}.Release|Any CPU.ActiveCfg = Release|Any CPU
		{A6D1C254-0DD5-44FF-8DC6-2311897EE58D}.Release|Any CPU.Build.0 = Release|Any CPU
		{A6D1C254-0DD5-44FF-8DC6-2311897EE58D}.Release|Mixed Platforms.ActiveCfg = Release|Any CPU
		{A6D1C254-0DD5-44FF-8DC6-2311897EE58D}.Release|Mixed Platforms.Build.0 = Release|Any CPU
		{A6D1C254-0DD5-44FF-8DC6-2311897EE58D}.Release|x86.ActiveCfg = Release|Any CPU
		{FAB69D6D-5810-486A-998B-42B2296C0CF4}.Debug|Any CPU.ActiveCfg = Debug|Any CPU
		{FAB69D6D-5810-486A-998B-42B2296C0CF4}.Debug|Any CPU.Build.0 = Debug|Any CPU
		{FAB69D6D-5810-486A-998B-42B2296C0CF4}.Debug|Mixed Platforms.ActiveCfg = Debug|Any CPU
		{FAB69D6D-5810-486A-998B-42B2296C0CF4}.Debug|Mixed Platforms.Build.0 = Debug|Any CPU
		{FAB69D6D-5810-486A-998B-42B2296C0CF4}.Debug|x86.ActiveCfg = Debug|Any CPU
		{FAB69D6D-5810-486A-998B-42B2296C0CF4}.Release|Any CPU.ActiveCfg = Release|Any CPU
		{FAB69D6D-5810-486A-998B-42B2296C0CF4}.Release|Any CPU.Build.0 = Release|Any CPU
		{FAB69D6D-5810-486A-998B-42B2296C0CF4}.Release|Mixed Platforms.ActiveCfg = Release|Any CPU
		{FAB69D6D-5810-486A-998B-42B2296C0CF4}.Release|Mixed Platforms.Build.0 = Release|Any CPU
		{FAB69D6D-5810-486A-998B-42B2296C0CF4}.Release|x86.ActiveCfg = Release|Any CPU
		{D2C4B8CB-CC0C-4215-8E3B-66717A0D080F}.Debug|Any CPU.ActiveCfg = Debug|Any CPU
		{D2C4B8CB-CC0C-4215-8E3B-66717A0D080F}.Debug|Any CPU.Build.0 = Debug|Any CPU
		{D2C4B8CB-CC0C-4215-8E3B-66717A0D080F}.Debug|Mixed Platforms.ActiveCfg = Debug|Any CPU
		{D2C4B8CB-CC0C-4215-8E3B-66717A0D080F}.Debug|Mixed Platforms.Build.0 = Debug|Any CPU
		{D2C4B8CB-CC0C-4215-8E3B-66717A0D080F}.Debug|x86.ActiveCfg = Debug|Any CPU
		{D2C4B8CB-CC0C-4215-8E3B-66717A0D080F}.Release|Any CPU.ActiveCfg = Release|Any CPU
		{D2C4B8CB-CC0C-4215-8E3B-66717A0D080F}.Release|Any CPU.Build.0 = Release|Any CPU
		{D2C4B8CB-CC0C-4215-8E3B-66717A0D080F}.Release|Mixed Platforms.ActiveCfg = Release|Any CPU
		{D2C4B8CB-CC0C-4215-8E3B-66717A0D080F}.Release|Mixed Platforms.Build.0 = Release|Any CPU
		{D2C4B8CB-CC0C-4215-8E3B-66717A0D080F}.Release|x86.ActiveCfg = Release|Any CPU
		{9CD9FC1E-56D9-4ABE-B65C-9874CDD54D5E}.Debug|Any CPU.ActiveCfg = Debug|Any CPU
		{9CD9FC1E-56D9-4ABE-B65C-9874CDD54D5E}.Debug|Any CPU.Build.0 = Debug|Any CPU
		{9CD9FC1E-56D9-4ABE-B65C-9874CDD54D5E}.Debug|Mixed Platforms.ActiveCfg = Debug|Any CPU
		{9CD9FC1E-56D9-4ABE-B65C-9874CDD54D5E}.Debug|Mixed Platforms.Build.0 = Debug|Any CPU
		{9CD9FC1E-56D9-4ABE-B65C-9874CDD54D5E}.Debug|x86.ActiveCfg = Debug|Any CPU
		{9CD9FC1E-56D9-4ABE-B65C-9874CDD54D5E}.Release|Any CPU.ActiveCfg = Release|Any CPU
		{9CD9FC1E-56D9-4ABE-B65C-9874CDD54D5E}.Release|Any CPU.Build.0 = Release|Any CPU
		{9CD9FC1E-56D9-4ABE-B65C-9874CDD54D5E}.Release|Mixed Platforms.ActiveCfg = Release|Any CPU
		{9CD9FC1E-56D9-4ABE-B65C-9874CDD54D5E}.Release|Mixed Platforms.Build.0 = Release|Any CPU
		{9CD9FC1E-56D9-4ABE-B65C-9874CDD54D5E}.Release|x86.ActiveCfg = Release|Any CPU
		{F5F22856-EF47-48E9-9A1D-2FACE3033CA8}.Debug|Any CPU.ActiveCfg = Debug|Any CPU
		{F5F22856-EF47-48E9-9A1D-2FACE3033CA8}.Debug|Any CPU.Build.0 = Debug|Any CPU
		{F5F22856-EF47-48E9-9A1D-2FACE3033CA8}.Debug|Mixed Platforms.ActiveCfg = Debug|Any CPU
		{F5F22856-EF47-48E9-9A1D-2FACE3033CA8}.Debug|Mixed Platforms.Build.0 = Debug|Any CPU
		{F5F22856-EF47-48E9-9A1D-2FACE3033CA8}.Debug|x86.ActiveCfg = Debug|Any CPU
		{F5F22856-EF47-48E9-9A1D-2FACE3033CA8}.Release|Any CPU.ActiveCfg = Release|Any CPU
		{F5F22856-EF47-48E9-9A1D-2FACE3033CA8}.Release|Any CPU.Build.0 = Release|Any CPU
		{F5F22856-EF47-48E9-9A1D-2FACE3033CA8}.Release|Mixed Platforms.ActiveCfg = Release|Any CPU
		{F5F22856-EF47-48E9-9A1D-2FACE3033CA8}.Release|Mixed Platforms.Build.0 = Release|Any CPU
		{F5F22856-EF47-48E9-9A1D-2FACE3033CA8}.Release|x86.ActiveCfg = Release|Any CPU
		{C6B94E9A-53EF-4878-801C-0AB5D657F9AB}.Debug|Any CPU.ActiveCfg = Debug|Any CPU
		{C6B94E9A-53EF-4878-801C-0AB5D657F9AB}.Debug|Any CPU.Build.0 = Debug|Any CPU
		{C6B94E9A-53EF-4878-801C-0AB5D657F9AB}.Debug|Mixed Platforms.ActiveCfg = Debug|Any CPU
		{C6B94E9A-53EF-4878-801C-0AB5D657F9AB}.Debug|Mixed Platforms.Build.0 = Debug|Any CPU
		{C6B94E9A-53EF-4878-801C-0AB5D657F9AB}.Debug|x86.ActiveCfg = Debug|Any CPU
		{C6B94E9A-53EF-4878-801C-0AB5D657F9AB}.Release|Any CPU.ActiveCfg = Release|Any CPU
		{C6B94E9A-53EF-4878-801C-0AB5D657F9AB}.Release|Any CPU.Build.0 = Release|Any CPU
		{C6B94E9A-53EF-4878-801C-0AB5D657F9AB}.Release|Mixed Platforms.ActiveCfg = Release|Any CPU
		{C6B94E9A-53EF-4878-801C-0AB5D657F9AB}.Release|Mixed Platforms.Build.0 = Release|Any CPU
		{C6B94E9A-53EF-4878-801C-0AB5D657F9AB}.Release|x86.ActiveCfg = Release|Any CPU
		{15E3EF1C-3EBB-4263-BABB-03FEDEC6A41E}.Debug|Any CPU.ActiveCfg = Debug|Any CPU
		{15E3EF1C-3EBB-4263-BABB-03FEDEC6A41E}.Debug|Any CPU.Build.0 = Debug|Any CPU
		{15E3EF1C-3EBB-4263-BABB-03FEDEC6A41E}.Debug|Mixed Platforms.ActiveCfg = Debug|x86
		{15E3EF1C-3EBB-4263-BABB-03FEDEC6A41E}.Debug|Mixed Platforms.Build.0 = Debug|x86
		{15E3EF1C-3EBB-4263-BABB-03FEDEC6A41E}.Debug|x86.ActiveCfg = Debug|x86
		{15E3EF1C-3EBB-4263-BABB-03FEDEC6A41E}.Debug|x86.Build.0 = Debug|x86
		{15E3EF1C-3EBB-4263-BABB-03FEDEC6A41E}.Release|Any CPU.ActiveCfg = Release|Any CPU
		{15E3EF1C-3EBB-4263-BABB-03FEDEC6A41E}.Release|Any CPU.Build.0 = Release|Any CPU
		{15E3EF1C-3EBB-4263-BABB-03FEDEC6A41E}.Release|Mixed Platforms.ActiveCfg = Release|x86
		{15E3EF1C-3EBB-4263-BABB-03FEDEC6A41E}.Release|Mixed Platforms.Build.0 = Release|x86
		{15E3EF1C-3EBB-4263-BABB-03FEDEC6A41E}.Release|x86.ActiveCfg = Release|x86
		{15E3EF1C-3EBB-4263-BABB-03FEDEC6A41E}.Release|x86.Build.0 = Release|x86
		{CD1B810F-38EC-41CE-974F-7B0EE5CD8B87}.Debug|Any CPU.ActiveCfg = Debug|Any CPU
		{CD1B810F-38EC-41CE-974F-7B0EE5CD8B87}.Debug|Any CPU.Build.0 = Debug|Any CPU
		{CD1B810F-38EC-41CE-974F-7B0EE5CD8B87}.Debug|Mixed Platforms.ActiveCfg = Debug|Any CPU
		{CD1B810F-38EC-41CE-974F-7B0EE5CD8B87}.Debug|Mixed Platforms.Build.0 = Debug|Any CPU
		{CD1B810F-38EC-41CE-974F-7B0EE5CD8B87}.Debug|x86.ActiveCfg = Debug|Any CPU
		{CD1B810F-38EC-41CE-974F-7B0EE5CD8B87}.Release|Any CPU.ActiveCfg = Release|Any CPU
		{CD1B810F-38EC-41CE-974F-7B0EE5CD8B87}.Release|Any CPU.Build.0 = Release|Any CPU
		{CD1B810F-38EC-41CE-974F-7B0EE5CD8B87}.Release|Mixed Platforms.ActiveCfg = Release|Any CPU
		{CD1B810F-38EC-41CE-974F-7B0EE5CD8B87}.Release|Mixed Platforms.Build.0 = Release|Any CPU
		{CD1B810F-38EC-41CE-974F-7B0EE5CD8B87}.Release|x86.ActiveCfg = Release|Any CPU
		{23E0FE77-1F5E-4B67-8F42-52F46989C4D1}.Debug|Any CPU.ActiveCfg = Debug|Any CPU
		{23E0FE77-1F5E-4B67-8F42-52F46989C4D1}.Debug|Any CPU.Build.0 = Debug|Any CPU
		{23E0FE77-1F5E-4B67-8F42-52F46989C4D1}.Debug|Mixed Platforms.ActiveCfg = Debug|Any CPU
		{23E0FE77-1F5E-4B67-8F42-52F46989C4D1}.Debug|Mixed Platforms.Build.0 = Debug|Any CPU
		{23E0FE77-1F5E-4B67-8F42-52F46989C4D1}.Debug|x86.ActiveCfg = Debug|Any CPU
		{23E0FE77-1F5E-4B67-8F42-52F46989C4D1}.Release|Any CPU.ActiveCfg = Release|Any CPU
		{23E0FE77-1F5E-4B67-8F42-52F46989C4D1}.Release|Any CPU.Build.0 = Release|Any CPU
		{23E0FE77-1F5E-4B67-8F42-52F46989C4D1}.Release|Mixed Platforms.ActiveCfg = Release|Any CPU
		{23E0FE77-1F5E-4B67-8F42-52F46989C4D1}.Release|Mixed Platforms.Build.0 = Release|Any CPU
		{23E0FE77-1F5E-4B67-8F42-52F46989C4D1}.Release|x86.ActiveCfg = Release|Any CPU
		{88E4E120-9C45-4EAC-887B-B77474B799B4}.Debug|Any CPU.ActiveCfg = Debug|Any CPU
		{88E4E120-9C45-4EAC-887B-B77474B799B4}.Debug|Any CPU.Build.0 = Debug|Any CPU
		{88E4E120-9C45-4EAC-887B-B77474B799B4}.Debug|Mixed Platforms.ActiveCfg = Debug|Any CPU
		{88E4E120-9C45-4EAC-887B-B77474B799B4}.Debug|Mixed Platforms.Build.0 = Debug|Any CPU
		{88E4E120-9C45-4EAC-887B-B77474B799B4}.Debug|x86.ActiveCfg = Debug|Any CPU
		{88E4E120-9C45-4EAC-887B-B77474B799B4}.Release|Any CPU.ActiveCfg = Release|Any CPU
		{88E4E120-9C45-4EAC-887B-B77474B799B4}.Release|Any CPU.Build.0 = Release|Any CPU
		{88E4E120-9C45-4EAC-887B-B77474B799B4}.Release|Mixed Platforms.ActiveCfg = Release|Any CPU
		{88E4E120-9C45-4EAC-887B-B77474B799B4}.Release|Mixed Platforms.Build.0 = Release|Any CPU
		{88E4E120-9C45-4EAC-887B-B77474B799B4}.Release|x86.ActiveCfg = Release|Any CPU
		{3F9A5444-ACD7-41C8-A133-8EF0280CB41B}.Debug|Any CPU.ActiveCfg = Debug|Any CPU
		{3F9A5444-ACD7-41C8-A133-8EF0280CB41B}.Debug|Any CPU.Build.0 = Debug|Any CPU
		{3F9A5444-ACD7-41C8-A133-8EF0280CB41B}.Debug|Mixed Platforms.ActiveCfg = Debug|Any CPU
		{3F9A5444-ACD7-41C8-A133-8EF0280CB41B}.Debug|Mixed Platforms.Build.0 = Debug|Any CPU
		{3F9A5444-ACD7-41C8-A133-8EF0280CB41B}.Debug|x86.ActiveCfg = Debug|Any CPU
		{3F9A5444-ACD7-41C8-A133-8EF0280CB41B}.Release|Any CPU.ActiveCfg = Release|Any CPU
		{3F9A5444-ACD7-41C8-A133-8EF0280CB41B}.Release|Any CPU.Build.0 = Release|Any CPU
		{3F9A5444-ACD7-41C8-A133-8EF0280CB41B}.Release|Mixed Platforms.ActiveCfg = Release|Any CPU
		{3F9A5444-ACD7-41C8-A133-8EF0280CB41B}.Release|Mixed Platforms.Build.0 = Release|Any CPU
		{3F9A5444-ACD7-41C8-A133-8EF0280CB41B}.Release|x86.ActiveCfg = Release|Any CPU
		{8176F259-FA07-4CA5-943D-4AA31D5FB857}.Debug|Any CPU.ActiveCfg = Debug|Any CPU
		{8176F259-FA07-4CA5-943D-4AA31D5FB857}.Debug|Any CPU.Build.0 = Debug|Any CPU
		{8176F259-FA07-4CA5-943D-4AA31D5FB857}.Debug|Mixed Platforms.ActiveCfg = Debug|Any CPU
		{8176F259-FA07-4CA5-943D-4AA31D5FB857}.Debug|Mixed Platforms.Build.0 = Debug|Any CPU
		{8176F259-FA07-4CA5-943D-4AA31D5FB857}.Debug|x86.ActiveCfg = Debug|Any CPU
		{8176F259-FA07-4CA5-943D-4AA31D5FB857}.Release|Any CPU.ActiveCfg = Release|Any CPU
		{8176F259-FA07-4CA5-943D-4AA31D5FB857}.Release|Any CPU.Build.0 = Release|Any CPU
		{8176F259-FA07-4CA5-943D-4AA31D5FB857}.Release|Mixed Platforms.ActiveCfg = Release|Any CPU
		{8176F259-FA07-4CA5-943D-4AA31D5FB857}.Release|Mixed Platforms.Build.0 = Release|Any CPU
		{8176F259-FA07-4CA5-943D-4AA31D5FB857}.Release|x86.ActiveCfg = Release|Any CPU
		{4670BE82-DDDF-4614-BE3B-FB5DE4226D93}.Debug|Any CPU.ActiveCfg = Debug|Any CPU
		{4670BE82-DDDF-4614-BE3B-FB5DE4226D93}.Debug|Any CPU.Build.0 = Debug|Any CPU
		{4670BE82-DDDF-4614-BE3B-FB5DE4226D93}.Debug|Mixed Platforms.ActiveCfg = Debug|Any CPU
		{4670BE82-DDDF-4614-BE3B-FB5DE4226D93}.Debug|Mixed Platforms.Build.0 = Debug|Any CPU
		{4670BE82-DDDF-4614-BE3B-FB5DE4226D93}.Debug|x86.ActiveCfg = Debug|Any CPU
		{4670BE82-DDDF-4614-BE3B-FB5DE4226D93}.Release|Any CPU.ActiveCfg = Release|Any CPU
		{4670BE82-DDDF-4614-BE3B-FB5DE4226D93}.Release|Any CPU.Build.0 = Release|Any CPU
		{4670BE82-DDDF-4614-BE3B-FB5DE4226D93}.Release|Mixed Platforms.ActiveCfg = Release|Any CPU
		{4670BE82-DDDF-4614-BE3B-FB5DE4226D93}.Release|Mixed Platforms.Build.0 = Release|Any CPU
		{4670BE82-DDDF-4614-BE3B-FB5DE4226D93}.Release|x86.ActiveCfg = Release|Any CPU
		{9DD8A502-1632-4F99-9964-7F45FD1AEEE6}.Debug|Any CPU.ActiveCfg = Debug|Any CPU
		{9DD8A502-1632-4F99-9964-7F45FD1AEEE6}.Debug|Any CPU.Build.0 = Debug|Any CPU
		{9DD8A502-1632-4F99-9964-7F45FD1AEEE6}.Debug|Mixed Platforms.ActiveCfg = Debug|Any CPU
		{9DD8A502-1632-4F99-9964-7F45FD1AEEE6}.Debug|Mixed Platforms.Build.0 = Debug|Any CPU
		{9DD8A502-1632-4F99-9964-7F45FD1AEEE6}.Debug|x86.ActiveCfg = Debug|Any CPU
		{9DD8A502-1632-4F99-9964-7F45FD1AEEE6}.Release|Any CPU.ActiveCfg = Release|Any CPU
		{9DD8A502-1632-4F99-9964-7F45FD1AEEE6}.Release|Any CPU.Build.0 = Release|Any CPU
		{9DD8A502-1632-4F99-9964-7F45FD1AEEE6}.Release|Mixed Platforms.ActiveCfg = Release|Any CPU
		{9DD8A502-1632-4F99-9964-7F45FD1AEEE6}.Release|Mixed Platforms.Build.0 = Release|Any CPU
		{9DD8A502-1632-4F99-9964-7F45FD1AEEE6}.Release|x86.ActiveCfg = Release|Any CPU
		{4B1E68FF-639F-4C26-98FC-59409D584BE2}.Debug|Any CPU.ActiveCfg = Debug|Any CPU
		{4B1E68FF-639F-4C26-98FC-59409D584BE2}.Debug|Any CPU.Build.0 = Debug|Any CPU
		{4B1E68FF-639F-4C26-98FC-59409D584BE2}.Debug|Mixed Platforms.ActiveCfg = Debug|Any CPU
		{4B1E68FF-639F-4C26-98FC-59409D584BE2}.Debug|Mixed Platforms.Build.0 = Debug|Any CPU
		{4B1E68FF-639F-4C26-98FC-59409D584BE2}.Debug|x86.ActiveCfg = Debug|Any CPU
		{4B1E68FF-639F-4C26-98FC-59409D584BE2}.Release|Any CPU.ActiveCfg = Release|Any CPU
		{4B1E68FF-639F-4C26-98FC-59409D584BE2}.Release|Any CPU.Build.0 = Release|Any CPU
		{4B1E68FF-639F-4C26-98FC-59409D584BE2}.Release|Mixed Platforms.ActiveCfg = Release|Any CPU
		{4B1E68FF-639F-4C26-98FC-59409D584BE2}.Release|Mixed Platforms.Build.0 = Release|Any CPU
		{4B1E68FF-639F-4C26-98FC-59409D584BE2}.Release|x86.ActiveCfg = Release|Any CPU
		{DAEA22A4-5568-4132-8BA8-89D1B50A2C10}.Debug|Any CPU.ActiveCfg = Debug|Any CPU
		{DAEA22A4-5568-4132-8BA8-89D1B50A2C10}.Debug|Any CPU.Build.0 = Debug|Any CPU
		{DAEA22A4-5568-4132-8BA8-89D1B50A2C10}.Debug|Mixed Platforms.ActiveCfg = Debug|Any CPU
		{DAEA22A4-5568-4132-8BA8-89D1B50A2C10}.Debug|Mixed Platforms.Build.0 = Debug|Any CPU
		{DAEA22A4-5568-4132-8BA8-89D1B50A2C10}.Debug|x86.ActiveCfg = Debug|Any CPU
		{DAEA22A4-5568-4132-8BA8-89D1B50A2C10}.Release|Any CPU.ActiveCfg = Release|Any CPU
		{DAEA22A4-5568-4132-8BA8-89D1B50A2C10}.Release|Any CPU.Build.0 = Release|Any CPU
		{DAEA22A4-5568-4132-8BA8-89D1B50A2C10}.Release|Mixed Platforms.ActiveCfg = Release|Any CPU
		{DAEA22A4-5568-4132-8BA8-89D1B50A2C10}.Release|Mixed Platforms.Build.0 = Release|Any CPU
		{DAEA22A4-5568-4132-8BA8-89D1B50A2C10}.Release|x86.ActiveCfg = Release|Any CPU
	EndGlobalSection
	GlobalSection(SolutionProperties) = preSolution
		HideSolutionNode = FALSE
	EndGlobalSection
	GlobalSection(MonoDevelopProperties) = preSolution
		StartupItem = MASGAU.Main.Gtk\MASGAU.Main.Gtk.csproj
		Policies = $0
		$0.TextStylePolicy = $1
		$1.inheritsSet = null
		$1.scope = text/x-csharp
		$0.CSharpFormattingPolicy = $2
		$2.inheritsSet = Mono
		$2.inheritsScope = text/x-csharp
		$2.scope = text/x-csharp
		version = 0.9
	EndGlobalSection
EndGlobal
