
Microsoft Visual Studio Solution File, Format Version 11.00
# Visual C# Express 2010
Project("{FAE04EC0-301F-11D3-BF4B-00C04F79EFBC}") = "MASGAU", "Masgau\MASGAU.csproj", "{E62FA937-9B38-4475-87D4-1A79EC4DD7E5}"
EndProject
Project("{FAE04EC0-301F-11D3-BF4B-00C04F79EFBC}") = "Data", "Data\Data.csproj", "{BE8FCB2E-AACA-446F-AF9A-F201BE2989C0}"
EndProject
Project("{FAE04EC0-301F-11D3-BF4B-00C04F79EFBC}") = "MASGAU.Updater", "MASGAU.Updater\MASGAU.Updater.csproj", "{589E0815-04F6-4DE2-9CAE-F330D66FFE81}"
EndProject
Project("{FAE04EC0-301F-11D3-BF4B-00C04F79EFBC}") = "MASGAU.WPF", "MASGAU.WPF\MASGAU.WPF.csproj", "{D82CC8E8-A027-419F-A3BD-BE9C9D39E712}"
EndProject
Project("{FAE04EC0-301F-11D3-BF4B-00C04F79EFBC}") = "MASGAU.Main.WPF", "MASGAU.Main.WPF\MASGAU.Main.WPF.csproj", "{296B239E-C406-4722-9546-98CC86F9FA1B}"
EndProject
Project("{FAE04EC0-301F-11D3-BF4B-00C04F79EFBC}") = "MASGAU.Windows", "MASGAU.Windows\MASGAU.Windows.csproj", "{A6D1C254-0DD5-44FF-8DC6-2311897EE58D}"
EndProject
Project("{FAE04EC0-301F-11D3-BF4B-00C04F79EFBC}") = "MASGAU.Updater.WPF", "MASGAU.Updater.WPF\MASGAU.Updater.WPF.csproj", "{FAB69D6D-5810-486A-998B-42B2296C0CF4}"
EndProject
Project("{FAE04EC0-301F-11D3-BF4B-00C04F79EFBC}") = "MASGAU.Restore.WPF", "MASGAU.Restore.WPF\MASGAU.Restore.WPF.csproj", "{9CD9FC1E-56D9-4ABE-B65C-9874CDD54D5E}"
EndProject
Project("{FAE04EC0-301F-11D3-BF4B-00C04F79EFBC}") = "Translations", "Translations\Translations.csproj", "{15E3EF1C-3EBB-4263-BABB-03FEDEC6A41E}"
EndProject
Project("{FAE04EC0-301F-11D3-BF4B-00C04F79EFBC}") = "Logger", "Libs\Logger\Logger.csproj", "{CD1B810F-38EC-41CE-974F-7B0EE5CD8B87}"
EndProject
Project("{FAE04EC0-301F-11D3-BF4B-00C04F79EFBC}") = "Collections", "Libs\Collections\Collections.csproj", "{88E4E120-9C45-4EAC-887B-B77474B799B4}"
EndProject
Project("{FAE04EC0-301F-11D3-BF4B-00C04F79EFBC}") = "Config", "Libs\Config\Config.csproj", "{8176F259-FA07-4CA5-943D-4AA31D5FB857}"
EndProject
Project("{FAE04EC0-301F-11D3-BF4B-00C04F79EFBC}") = "MVC", "Libs\MVC\MVC.csproj", "{4670BE82-DDDF-4614-BE3B-FB5DE4226D93}"
EndProject
Project("{FAE04EC0-301F-11D3-BF4B-00C04F79EFBC}") = "Email", "Libs\Email\Email.csproj", "{4B1E68FF-639F-4C26-98FC-59409D584BE2}"
EndProject
Project("{FAE04EC0-301F-11D3-BF4B-00C04F79EFBC}") = "Translator", "Libs\Translator\Translator.csproj", "{1B233D4E-7DF0-4608-A0D5-94D416B5B359}"
EndProject
Project("{FAE04EC0-301F-11D3-BF4B-00C04F79EFBC}") = "Translator.WPF", "Libs\Translator.WPF\Translator.WPF.csproj", "{EBF7773B-81FB-4367-ADBD-7C75C62FFB60}"
EndProject
Project("{FAE04EC0-301F-11D3-BF4B-00C04F79EFBC}") = "Exceptions", "Libs\Exceptions\Exceptions.csproj", "{22450FF6-F8AB-4D85-BBC4-F3EC3822D1C5}"
EndProject
Project("{FAE04EC0-301F-11D3-BF4B-00C04F79EFBC}") = "Email.WPF", "Libs\Email.WPF\Email.WPF.csproj", "{BE36FFC8-73AA-4234-BF12-342BF3223D00}"
EndProject
Project("{FAE04EC0-301F-11D3-BF4B-00C04F79EFBC}") = "XmlData", "Libs\XmlData\XmlData.csproj", "{427B2AD4-31CC-4308-A9AB-5264D4A51A3B}"
EndProject
Project("{FAE04EC0-301F-11D3-BF4B-00C04F79EFBC}") = "WPF", "Libs\WPF\WPF.csproj", "{870BDF17-18DA-4023-AF23-378A72941B66}"
EndProject
Project("{FAE04EC0-301F-11D3-BF4B-00C04F79EFBC}") = "MVC.WPF", "Libs\MVC.WPF\MVC.WPF.csproj", "{521A7BAC-6485-4736-9EB4-77F6BB3EE2BF}"
EndProject
Project("{FAE04EC0-301F-11D3-BF4B-00C04F79EFBC}") = "MVC.Translator", "Libs\MVC.Translator\MVC.Translator.csproj", "{A0502934-F0B8-40ED-9849-E4392CE37AF4}"
EndProject
Global
	GlobalSection(SolutionConfigurationPlatforms) = preSolution
		Debug|Any CPU = Debug|Any CPU
		Debug|Mixed Platforms = Debug|Mixed Platforms
		Debug|x86 = Debug|x86
		Release|Any CPU = Release|Any CPU
		Release|Mixed Platforms = Release|Mixed Platforms
		Release|x86 = Release|x86
	EndGlobalSection
	GlobalSection(ProjectConfigurationPlatforms) = postSolution
		{E62FA937-9B38-4475-87D4-1A79EC4DD7E5}.Debug|Any CPU.ActiveCfg = Debug|Any CPU
		{E62FA937-9B38-4475-87D4-1A79EC4DD7E5}.Debug|Any CPU.Build.0 = Debug|Any CPU
		{E62FA937-9B38-4475-87D4-1A79EC4DD7E5}.Debug|Mixed Platforms.ActiveCfg = Debug|Any CPU
		{E62FA937-9B38-4475-87D4-1A79EC4DD7E5}.Debug|Mixed Platforms.Build.0 = Debug|Any CPU
		{E62FA937-9B38-4475-87D4-1A79EC4DD7E5}.Debug|x86.ActiveCfg = Debug|Any CPU
		{E62FA937-9B38-4475-87D4-1A79EC4DD7E5}.Release|Any CPU.ActiveCfg = Release|Any CPU
		{E62FA937-9B38-4475-87D4-1A79EC4DD7E5}.Release|Any CPU.Build.0 = Release|Any CPU
		{E62FA937-9B38-4475-87D4-1A79EC4DD7E5}.Release|Mixed Platforms.ActiveCfg = Release|Any CPU
		{E62FA937-9B38-4475-87D4-1A79EC4DD7E5}.Release|Mixed Platforms.Build.0 = Release|Any CPU
		{E62FA937-9B38-4475-87D4-1A79EC4DD7E5}.Release|x86.ActiveCfg = Release|Any CPU
		{BE8FCB2E-AACA-446F-AF9A-F201BE2989C0}.Debug|Any CPU.ActiveCfg = Debug|Any CPU
		{BE8FCB2E-AACA-446F-AF9A-F201BE2989C0}.Debug|Any CPU.Build.0 = Debug|Any CPU
		{BE8FCB2E-AACA-446F-AF9A-F201BE2989C0}.Debug|Mixed Platforms.ActiveCfg = Debug|Any CPU
		{BE8FCB2E-AACA-446F-AF9A-F201BE2989C0}.Debug|Mixed Platforms.Build.0 = Debug|Any CPU
		{BE8FCB2E-AACA-446F-AF9A-F201BE2989C0}.Debug|x86.ActiveCfg = Debug|Any CPU
		{BE8FCB2E-AACA-446F-AF9A-F201BE2989C0}.Release|Any CPU.ActiveCfg = Release|Any CPU
		{BE8FCB2E-AACA-446F-AF9A-F201BE2989C0}.Release|Any CPU.Build.0 = Release|Any CPU
		{BE8FCB2E-AACA-446F-AF9A-F201BE2989C0}.Release|Mixed Platforms.ActiveCfg = Release|Any CPU
		{BE8FCB2E-AACA-446F-AF9A-F201BE2989C0}.Release|Mixed Platforms.Build.0 = Release|Any CPU
		{BE8FCB2E-AACA-446F-AF9A-F201BE2989C0}.Release|x86.ActiveCfg = Release|Any CPU
		{589E0815-04F6-4DE2-9CAE-F330D66FFE81}.Debug|Any CPU.ActiveCfg = Debug|Any CPU
		{589E0815-04F6-4DE2-9CAE-F330D66FFE81}.Debug|Any CPU.Build.0 = Debug|Any CPU
		{589E0815-04F6-4DE2-9CAE-F330D66FFE81}.Debug|Mixed Platforms.ActiveCfg = Debug|Any CPU
		{589E0815-04F6-4DE2-9CAE-F330D66FFE81}.Debug|Mixed Platforms.Build.0 = Debug|Any CPU
		{589E0815-04F6-4DE2-9CAE-F330D66FFE81}.Debug|x86.ActiveCfg = Debug|Any CPU
		{589E0815-04F6-4DE2-9CAE-F330D66FFE81}.Release|Any CPU.ActiveCfg = Release|Any CPU
		{589E0815-04F6-4DE2-9CAE-F330D66FFE81}.Release|Any CPU.Build.0 = Release|Any CPU
		{589E0815-04F6-4DE2-9CAE-F330D66FFE81}.Release|Mixed Platforms.ActiveCfg = Release|Any CPU
		{589E0815-04F6-4DE2-9CAE-F330D66FFE81}.Release|Mixed Platforms.Build.0 = Release|Any CPU
		{589E0815-04F6-4DE2-9CAE-F330D66FFE81}.Release|x86.ActiveCfg = Release|Any CPU
		{D82CC8E8-A027-419F-A3BD-BE9C9D39E712}.Debug|Any CPU.ActiveCfg = Debug|Any CPU
		{D82CC8E8-A027-419F-A3BD-BE9C9D39E712}.Debug|Any CPU.Build.0 = Debug|Any CPU
		{D82CC8E8-A027-419F-A3BD-BE9C9D39E712}.Debug|Mixed Platforms.ActiveCfg = Debug|Any CPU
		{D82CC8E8-A027-419F-A3BD-BE9C9D39E712}.Debug|Mixed Platforms.Build.0 = Debug|Any CPU
		{D82CC8E8-A027-419F-A3BD-BE9C9D39E712}.Debug|x86.ActiveCfg = Debug|Any CPU
		{D82CC8E8-A027-419F-A3BD-BE9C9D39E712}.Release|Any CPU.ActiveCfg = Release|Any CPU
		{D82CC8E8-A027-419F-A3BD-BE9C9D39E712}.Release|Any CPU.Build.0 = Release|Any CPU
		{D82CC8E8-A027-419F-A3BD-BE9C9D39E712}.Release|Mixed Platforms.ActiveCfg = Release|Any CPU
		{D82CC8E8-A027-419F-A3BD-BE9C9D39E712}.Release|Mixed Platforms.Build.0 = Release|Any CPU
		{D82CC8E8-A027-419F-A3BD-BE9C9D39E712}.Release|x86.ActiveCfg = Release|Any CPU
		{296B239E-C406-4722-9546-98CC86F9FA1B}.Debug|Any CPU.ActiveCfg = Debug|Any CPU
		{296B239E-C406-4722-9546-98CC86F9FA1B}.Debug|Any CPU.Build.0 = Debug|Any CPU
		{296B239E-C406-4722-9546-98CC86F9FA1B}.Debug|Mixed Platforms.ActiveCfg = Debug|Any CPU
		{296B239E-C406-4722-9546-98CC86F9FA1B}.Debug|Mixed Platforms.Build.0 = Debug|Any CPU
		{296B239E-C406-4722-9546-98CC86F9FA1B}.Debug|x86.ActiveCfg = Debug|Any CPU
		{296B239E-C406-4722-9546-98CC86F9FA1B}.Release|Any CPU.ActiveCfg = Release|Any CPU
		{296B239E-C406-4722-9546-98CC86F9FA1B}.Release|Any CPU.Build.0 = Release|Any CPU
		{296B239E-C406-4722-9546-98CC86F9FA1B}.Release|Mixed Platforms.ActiveCfg = Release|Any CPU
		{296B239E-C406-4722-9546-98CC86F9FA1B}.Release|Mixed Platforms.Build.0 = Release|Any CPU
		{296B239E-C406-4722-9546-98CC86F9FA1B}.Release|x86.ActiveCfg = Release|Any CPU
		{A6D1C254-0DD5-44FF-8DC6-2311897EE58D}.Debug|Any CPU.ActiveCfg = Debug|Any CPU
		{A6D1C254-0DD5-44FF-8DC6-2311897EE58D}.Debug|Any CPU.Build.0 = Debug|Any CPU
		{A6D1C254-0DD5-44FF-8DC6-2311897EE58D}.Debug|Mixed Platforms.ActiveCfg = Debug|Any CPU
		{A6D1C254-0DD5-44FF-8DC6-2311897EE58D}.Debug|Mixed Platforms.Build.0 = Debug|Any CPU
		{A6D1C254-0DD5-44FF-8DC6-2311897EE58D}.Debug|x86.ActiveCfg = Debug|Any CPU
		{A6D1C254-0DD5-44FF-8DC6-2311897EE58D}.Release|Any CPU.ActiveCfg = Release|Any CPU
		{A6D1C254-0DD5-44FF-8DC6-2311897EE58D}.Release|Any CPU.Build.0 = Release|Any CPU
		{A6D1C254-0DD5-44FF-8DC6-2311897EE58D}.Release|Mixed Platforms.ActiveCfg = Release|Any CPU
		{A6D1C254-0DD5-44FF-8DC6-2311897EE58D}.Release|Mixed Platforms.Build.0 = Release|Any CPU
		{A6D1C254-0DD5-44FF-8DC6-2311897EE58D}.Release|x86.ActiveCfg = Release|Any CPU
		{FAB69D6D-5810-486A-998B-42B2296C0CF4}.Debug|Any CPU.ActiveCfg = Debug|Any CPU
		{FAB69D6D-5810-486A-998B-42B2296C0CF4}.Debug|Any CPU.Build.0 = Debug|Any CPU
		{FAB69D6D-5810-486A-998B-42B2296C0CF4}.Debug|Mixed Platforms.ActiveCfg = Debug|Any CPU
		{FAB69D6D-5810-486A-998B-42B2296C0CF4}.Debug|Mixed Platforms.Build.0 = Debug|Any CPU
		{FAB69D6D-5810-486A-998B-42B2296C0CF4}.Debug|x86.ActiveCfg = Debug|Any CPU
		{FAB69D6D-5810-486A-998B-42B2296C0CF4}.Release|Any CPU.ActiveCfg = Release|Any CPU
		{FAB69D6D-5810-486A-998B-42B2296C0CF4}.Release|Any CPU.Build.0 = Release|Any CPU
		{FAB69D6D-5810-486A-998B-42B2296C0CF4}.Release|Mixed Platforms.ActiveCfg = Release|Any CPU
		{FAB69D6D-5810-486A-998B-42B2296C0CF4}.Release|Mixed Platforms.Build.0 = Release|Any CPU
		{FAB69D6D-5810-486A-998B-42B2296C0CF4}.Release|x86.ActiveCfg = Release|Any CPU
		{9CD9FC1E-56D9-4ABE-B65C-9874CDD54D5E}.Debug|Any CPU.ActiveCfg = Debug|Any CPU
		{9CD9FC1E-56D9-4ABE-B65C-9874CDD54D5E}.Debug|Any CPU.Build.0 = Debug|Any CPU
		{9CD9FC1E-56D9-4ABE-B65C-9874CDD54D5E}.Debug|Mixed Platforms.ActiveCfg = Debug|Any CPU
		{9CD9FC1E-56D9-4ABE-B65C-9874CDD54D5E}.Debug|Mixed Platforms.Build.0 = Debug|Any CPU
		{9CD9FC1E-56D9-4ABE-B65C-9874CDD54D5E}.Debug|x86.ActiveCfg = Debug|Any CPU
		{9CD9FC1E-56D9-4ABE-B65C-9874CDD54D5E}.Release|Any CPU.ActiveCfg = Release|Any CPU
		{9CD9FC1E-56D9-4ABE-B65C-9874CDD54D5E}.Release|Any CPU.Build.0 = Release|Any CPU
		{9CD9FC1E-56D9-4ABE-B65C-9874CDD54D5E}.Release|Mixed Platforms.ActiveCfg = Release|Any CPU
		{9CD9FC1E-56D9-4ABE-B65C-9874CDD54D5E}.Release|Mixed Platforms.Build.0 = Release|Any CPU
		{9CD9FC1E-56D9-4ABE-B65C-9874CDD54D5E}.Release|x86.ActiveCfg = Release|Any CPU
		{15E3EF1C-3EBB-4263-BABB-03FEDEC6A41E}.Debug|Any CPU.ActiveCfg = Debug|Any CPU
		{15E3EF1C-3EBB-4263-BABB-03FEDEC6A41E}.Debug|Any CPU.Build.0 = Debug|Any CPU
		{15E3EF1C-3EBB-4263-BABB-03FEDEC6A41E}.Debug|Mixed Platforms.ActiveCfg = Debug|x86
		{15E3EF1C-3EBB-4263-BABB-03FEDEC6A41E}.Debug|Mixed Platforms.Build.0 = Debug|x86
		{15E3EF1C-3EBB-4263-BABB-03FEDEC6A41E}.Debug|x86.ActiveCfg = Debug|x86
		{15E3EF1C-3EBB-4263-BABB-03FEDEC6A41E}.Debug|x86.Build.0 = Debug|x86
		{15E3EF1C-3EBB-4263-BABB-03FEDEC6A41E}.Release|Any CPU.ActiveCfg = Release|Any CPU
		{15E3EF1C-3EBB-4263-BABB-03FEDEC6A41E}.Release|Any CPU.Build.0 = Release|Any CPU
		{15E3EF1C-3EBB-4263-BABB-03FEDEC6A41E}.Release|Mixed Platforms.ActiveCfg = Release|x86
		{15E3EF1C-3EBB-4263-BABB-03FEDEC6A41E}.Release|Mixed Platforms.Build.0 = Release|x86
		{15E3EF1C-3EBB-4263-BABB-03FEDEC6A41E}.Release|x86.ActiveCfg = Release|x86
		{15E3EF1C-3EBB-4263-BABB-03FEDEC6A41E}.Release|x86.Build.0 = Release|x86
		{CD1B810F-38EC-41CE-974F-7B0EE5CD8B87}.Debug|Any CPU.ActiveCfg = Debug|Any CPU
		{CD1B810F-38EC-41CE-974F-7B0EE5CD8B87}.Debug|Any CPU.Build.0 = Debug|Any CPU
		{CD1B810F-38EC-41CE-974F-7B0EE5CD8B87}.Debug|Mixed Platforms.ActiveCfg = Debug|Any CPU
		{CD1B810F-38EC-41CE-974F-7B0EE5CD8B87}.Debug|Mixed Platforms.Build.0 = Debug|Any CPU
		{CD1B810F-38EC-41CE-974F-7B0EE5CD8B87}.Debug|x86.ActiveCfg = Debug|Any CPU
		{CD1B810F-38EC-41CE-974F-7B0EE5CD8B87}.Release|Any CPU.ActiveCfg = Release|Any CPU
		{CD1B810F-38EC-41CE-974F-7B0EE5CD8B87}.Release|Any CPU.Build.0 = Release|Any CPU
		{CD1B810F-38EC-41CE-974F-7B0EE5CD8B87}.Release|Mixed Platforms.ActiveCfg = Release|Any CPU
		{CD1B810F-38EC-41CE-974F-7B0EE5CD8B87}.Release|Mixed Platforms.Build.0 = Release|Any CPU
		{CD1B810F-38EC-41CE-974F-7B0EE5CD8B87}.Release|x86.ActiveCfg = Release|Any CPU
		{88E4E120-9C45-4EAC-887B-B77474B799B4}.Debug|Any CPU.ActiveCfg = Debug|Any CPU
		{88E4E120-9C45-4EAC-887B-B77474B799B4}.Debug|Any CPU.Build.0 = Debug|Any CPU
		{88E4E120-9C45-4EAC-887B-B77474B799B4}.Debug|Mixed Platforms.ActiveCfg = Debug|Any CPU
		{88E4E120-9C45-4EAC-887B-B77474B799B4}.Debug|Mixed Platforms.Build.0 = Debug|Any CPU
		{88E4E120-9C45-4EAC-887B-B77474B799B4}.Debug|x86.ActiveCfg = Debug|Any CPU
		{88E4E120-9C45-4EAC-887B-B77474B799B4}.Release|Any CPU.ActiveCfg = Release|Any CPU
		{88E4E120-9C45-4EAC-887B-B77474B799B4}.Release|Any CPU.Build.0 = Release|Any CPU
		{88E4E120-9C45-4EAC-887B-B77474B799B4}.Release|Mixed Platforms.ActiveCfg = Release|Any CPU
		{88E4E120-9C45-4EAC-887B-B77474B799B4}.Release|Mixed Platforms.Build.0 = Release|Any CPU
		{88E4E120-9C45-4EAC-887B-B77474B799B4}.Release|x86.ActiveCfg = Release|Any CPU
		{8176F259-FA07-4CA5-943D-4AA31D5FB857}.Debug|Any CPU.ActiveCfg = Debug|Any CPU
		{8176F259-FA07-4CA5-943D-4AA31D5FB857}.Debug|Any CPU.Build.0 = Debug|Any CPU
		{8176F259-FA07-4CA5-943D-4AA31D5FB857}.Debug|Mixed Platforms.ActiveCfg = Debug|Any CPU
		{8176F259-FA07-4CA5-943D-4AA31D5FB857}.Debug|Mixed Platforms.Build.0 = Debug|Any CPU
		{8176F259-FA07-4CA5-943D-4AA31D5FB857}.Debug|x86.ActiveCfg = Debug|Any CPU
		{8176F259-FA07-4CA5-943D-4AA31D5FB857}.Release|Any CPU.ActiveCfg = Release|Any CPU
		{8176F259-FA07-4CA5-943D-4AA31D5FB857}.Release|Any CPU.Build.0 = Release|Any CPU
		{8176F259-FA07-4CA5-943D-4AA31D5FB857}.Release|Mixed Platforms.ActiveCfg = Release|Any CPU
		{8176F259-FA07-4CA5-943D-4AA31D5FB857}.Release|Mixed Platforms.Build.0 = Release|Any CPU
		{8176F259-FA07-4CA5-943D-4AA31D5FB857}.Release|x86.ActiveCfg = Release|Any CPU
		{4670BE82-DDDF-4614-BE3B-FB5DE4226D93}.Debug|Any CPU.ActiveCfg = Debug|Any CPU
		{4670BE82-DDDF-4614-BE3B-FB5DE4226D93}.Debug|Any CPU.Build.0 = Debug|Any CPU
		{4670BE82-DDDF-4614-BE3B-FB5DE4226D93}.Debug|Mixed Platforms.ActiveCfg = Debug|Any CPU
		{4670BE82-DDDF-4614-BE3B-FB5DE4226D93}.Debug|Mixed Platforms.Build.0 = Debug|Any CPU
		{4670BE82-DDDF-4614-BE3B-FB5DE4226D93}.Debug|x86.ActiveCfg = Debug|Any CPU
		{4670BE82-DDDF-4614-BE3B-FB5DE4226D93}.Release|Any CPU.ActiveCfg = Release|Any CPU
		{4670BE82-DDDF-4614-BE3B-FB5DE4226D93}.Release|Any CPU.Build.0 = Release|Any CPU
		{4670BE82-DDDF-4614-BE3B-FB5DE4226D93}.Release|Mixed Platforms.ActiveCfg = Release|Any CPU
		{4670BE82-DDDF-4614-BE3B-FB5DE4226D93}.Release|Mixed Platforms.Build.0 = Release|Any CPU
		{4670BE82-DDDF-4614-BE3B-FB5DE4226D93}.Release|x86.ActiveCfg = Release|Any CPU
		{4B1E68FF-639F-4C26-98FC-59409D584BE2}.Debug|Any CPU.ActiveCfg = Debug|Any CPU
		{4B1E68FF-639F-4C26-98FC-59409D584BE2}.Debug|Any CPU.Build.0 = Debug|Any CPU
		{4B1E68FF-639F-4C26-98FC-59409D584BE2}.Debug|Mixed Platforms.ActiveCfg = Debug|Any CPU
		{4B1E68FF-639F-4C26-98FC-59409D584BE2}.Debug|Mixed Platforms.Build.0 = Debug|Any CPU
		{4B1E68FF-639F-4C26-98FC-59409D584BE2}.Debug|x86.ActiveCfg = Debug|Any CPU
		{4B1E68FF-639F-4C26-98FC-59409D584BE2}.Release|Any CPU.ActiveCfg = Release|Any CPU
		{4B1E68FF-639F-4C26-98FC-59409D584BE2}.Release|Any CPU.Build.0 = Release|Any CPU
		{4B1E68FF-639F-4C26-98FC-59409D584BE2}.Release|Mixed Platforms.ActiveCfg = Release|Any CPU
		{4B1E68FF-639F-4C26-98FC-59409D584BE2}.Release|Mixed Platforms.Build.0 = Release|Any CPU
		{4B1E68FF-639F-4C26-98FC-59409D584BE2}.Release|x86.ActiveCfg = Release|Any CPU
		{1B233D4E-7DF0-4608-A0D5-94D416B5B359}.Debug|Any CPU.ActiveCfg = Debug|Any CPU
		{1B233D4E-7DF0-4608-A0D5-94D416B5B359}.Debug|Any CPU.Build.0 = Debug|Any CPU
		{1B233D4E-7DF0-4608-A0D5-94D416B5B359}.Debug|Mixed Platforms.ActiveCfg = Debug|Any CPU
		{1B233D4E-7DF0-4608-A0D5-94D416B5B359}.Debug|Mixed Platforms.Build.0 = Debug|Any CPU
		{1B233D4E-7DF0-4608-A0D5-94D416B5B359}.Debug|x86.ActiveCfg = Debug|Any CPU
		{1B233D4E-7DF0-4608-A0D5-94D416B5B359}.Release|Any CPU.ActiveCfg = Release|Any CPU
		{1B233D4E-7DF0-4608-A0D5-94D416B5B359}.Release|Any CPU.Build.0 = Release|Any CPU
		{1B233D4E-7DF0-4608-A0D5-94D416B5B359}.Release|Mixed Platforms.ActiveCfg = Release|Any CPU
		{1B233D4E-7DF0-4608-A0D5-94D416B5B359}.Release|Mixed Platforms.Build.0 = Release|Any CPU
		{1B233D4E-7DF0-4608-A0D5-94D416B5B359}.Release|x86.ActiveCfg = Release|Any CPU
		{EBF7773B-81FB-4367-ADBD-7C75C62FFB60}.Debug|Any CPU.ActiveCfg = Debug|Any CPU
		{EBF7773B-81FB-4367-ADBD-7C75C62FFB60}.Debug|Any CPU.Build.0 = Debug|Any CPU
		{EBF7773B-81FB-4367-ADBD-7C75C62FFB60}.Debug|Mixed Platforms.ActiveCfg = Debug|Any CPU
		{EBF7773B-81FB-4367-ADBD-7C75C62FFB60}.Debug|Mixed Platforms.Build.0 = Debug|Any CPU
		{EBF7773B-81FB-4367-ADBD-7C75C62FFB60}.Debug|x86.ActiveCfg = Debug|Any CPU
		{EBF7773B-81FB-4367-ADBD-7C75C62FFB60}.Release|Any CPU.ActiveCfg = Release|Any CPU
		{EBF7773B-81FB-4367-ADBD-7C75C62FFB60}.Release|Any CPU.Build.0 = Release|Any CPU
		{EBF7773B-81FB-4367-ADBD-7C75C62FFB60}.Release|Mixed Platforms.ActiveCfg = Release|Any CPU
		{EBF7773B-81FB-4367-ADBD-7C75C62FFB60}.Release|Mixed Platforms.Build.0 = Release|Any CPU
		{EBF7773B-81FB-4367-ADBD-7C75C62FFB60}.Release|x86.ActiveCfg = Release|Any CPU
		{22450FF6-F8AB-4D85-BBC4-F3EC3822D1C5}.Debug|Any CPU.ActiveCfg = Debug|Any CPU
		{22450FF6-F8AB-4D85-BBC4-F3EC3822D1C5}.Debug|Any CPU.Build.0 = Debug|Any CPU
		{22450FF6-F8AB-4D85-BBC4-F3EC3822D1C5}.Debug|Mixed Platforms.ActiveCfg = Debug|Any CPU
		{22450FF6-F8AB-4D85-BBC4-F3EC3822D1C5}.Debug|Mixed Platforms.Build.0 = Debug|Any CPU
		{22450FF6-F8AB-4D85-BBC4-F3EC3822D1C5}.Debug|x86.ActiveCfg = Debug|Any CPU
		{22450FF6-F8AB-4D85-BBC4-F3EC3822D1C5}.Release|Any CPU.ActiveCfg = Release|Any CPU
		{22450FF6-F8AB-4D85-BBC4-F3EC3822D1C5}.Release|Any CPU.Build.0 = Release|Any CPU
		{22450FF6-F8AB-4D85-BBC4-F3EC3822D1C5}.Release|Mixed Platforms.ActiveCfg = Release|Any CPU
		{22450FF6-F8AB-4D85-BBC4-F3EC3822D1C5}.Release|Mixed Platforms.Build.0 = Release|Any CPU
		{22450FF6-F8AB-4D85-BBC4-F3EC3822D1C5}.Release|x86.ActiveCfg = Release|Any CPU
		{BE36FFC8-73AA-4234-BF12-342BF3223D00}.Debug|Any CPU.ActiveCfg = Debug|Any CPU
		{BE36FFC8-73AA-4234-BF12-342BF3223D00}.Debug|Any CPU.Build.0 = Debug|Any CPU
		{BE36FFC8-73AA-4234-BF12-342BF3223D00}.Debug|Mixed Platforms.ActiveCfg = Debug|Any CPU
		{BE36FFC8-73AA-4234-BF12-342BF3223D00}.Debug|Mixed Platforms.Build.0 = Debug|Any CPU
		{BE36FFC8-73AA-4234-BF12-342BF3223D00}.Debug|x86.ActiveCfg = Debug|Any CPU
		{BE36FFC8-73AA-4234-BF12-342BF3223D00}.Release|Any CPU.ActiveCfg = Release|Any CPU
		{BE36FFC8-73AA-4234-BF12-342BF3223D00}.Release|Any CPU.Build.0 = Release|Any CPU
		{BE36FFC8-73AA-4234-BF12-342BF3223D00}.Release|Mixed Platforms.ActiveCfg = Release|Any CPU
		{BE36FFC8-73AA-4234-BF12-342BF3223D00}.Release|Mixed Platforms.Build.0 = Release|Any CPU
		{BE36FFC8-73AA-4234-BF12-342BF3223D00}.Release|x86.ActiveCfg = Release|Any CPU
		{427B2AD4-31CC-4308-A9AB-5264D4A51A3B}.Debug|Any CPU.ActiveCfg = Debug|Any CPU
		{427B2AD4-31CC-4308-A9AB-5264D4A51A3B}.Debug|Any CPU.Build.0 = Debug|Any CPU
		{427B2AD4-31CC-4308-A9AB-5264D4A51A3B}.Debug|Mixed Platforms.ActiveCfg = Debug|Any CPU
		{427B2AD4-31CC-4308-A9AB-5264D4A51A3B}.Debug|Mixed Platforms.Build.0 = Debug|Any CPU
		{427B2AD4-31CC-4308-A9AB-5264D4A51A3B}.Debug|x86.ActiveCfg = Debug|Any CPU
		{427B2AD4-31CC-4308-A9AB-5264D4A51A3B}.Release|Any CPU.ActiveCfg = Release|Any CPU
		{427B2AD4-31CC-4308-A9AB-5264D4A51A3B}.Release|Any CPU.Build.0 = Release|Any CPU
		{427B2AD4-31CC-4308-A9AB-5264D4A51A3B}.Release|Mixed Platforms.ActiveCfg = Release|Any CPU
		{427B2AD4-31CC-4308-A9AB-5264D4A51A3B}.Release|Mixed Platforms.Build.0 = Release|Any CPU
		{427B2AD4-31CC-4308-A9AB-5264D4A51A3B}.Release|x86.ActiveCfg = Release|Any CPU
		{870BDF17-18DA-4023-AF23-378A72941B66}.Debug|Any CPU.ActiveCfg = Debug|Any CPU
		{870BDF17-18DA-4023-AF23-378A72941B66}.Debug|Any CPU.Build.0 = Debug|Any CPU
		{870BDF17-18DA-4023-AF23-378A72941B66}.Debug|Mixed Platforms.ActiveCfg = Debug|Any CPU
		{870BDF17-18DA-4023-AF23-378A72941B66}.Debug|Mixed Platforms.Build.0 = Debug|Any CPU
		{870BDF17-18DA-4023-AF23-378A72941B66}.Debug|x86.ActiveCfg = Debug|Any CPU
		{870BDF17-18DA-4023-AF23-378A72941B66}.Release|Any CPU.ActiveCfg = Release|Any CPU
		{870BDF17-18DA-4023-AF23-378A72941B66}.Release|Any CPU.Build.0 = Release|Any CPU
		{870BDF17-18DA-4023-AF23-378A72941B66}.Release|Mixed Platforms.ActiveCfg = Release|Any CPU
		{870BDF17-18DA-4023-AF23-378A72941B66}.Release|Mixed Platforms.Build.0 = Release|Any CPU
		{870BDF17-18DA-4023-AF23-378A72941B66}.Release|x86.ActiveCfg = Release|Any CPU
		{521A7BAC-6485-4736-9EB4-77F6BB3EE2BF}.Debug|Any CPU.ActiveCfg = Debug|Any CPU
		{521A7BAC-6485-4736-9EB4-77F6BB3EE2BF}.Debug|Any CPU.Build.0 = Debug|Any CPU
		{521A7BAC-6485-4736-9EB4-77F6BB3EE2BF}.Debug|Mixed Platforms.ActiveCfg = Debug|Any CPU
		{521A7BAC-6485-4736-9EB4-77F6BB3EE2BF}.Debug|Mixed Platforms.Build.0 = Debug|Any CPU
		{521A7BAC-6485-4736-9EB4-77F6BB3EE2BF}.Debug|x86.ActiveCfg = Debug|Any CPU
		{521A7BAC-6485-4736-9EB4-77F6BB3EE2BF}.Release|Any CPU.ActiveCfg = Release|Any CPU
		{521A7BAC-6485-4736-9EB4-77F6BB3EE2BF}.Release|Any CPU.Build.0 = Release|Any CPU
		{521A7BAC-6485-4736-9EB4-77F6BB3EE2BF}.Release|Mixed Platforms.ActiveCfg = Release|Any CPU
		{521A7BAC-6485-4736-9EB4-77F6BB3EE2BF}.Release|Mixed Platforms.Build.0 = Release|Any CPU
		{521A7BAC-6485-4736-9EB4-77F6BB3EE2BF}.Release|x86.ActiveCfg = Release|Any CPU
		{A0502934-F0B8-40ED-9849-E4392CE37AF4}.Debug|Any CPU.ActiveCfg = Debug|Any CPU
		{A0502934-F0B8-40ED-9849-E4392CE37AF4}.Debug|Any CPU.Build.0 = Debug|Any CPU
		{A0502934-F0B8-40ED-9849-E4392CE37AF4}.Debug|Mixed Platforms.ActiveCfg = Debug|Any CPU
		{A0502934-F0B8-40ED-9849-E4392CE37AF4}.Debug|Mixed Platforms.Build.0 = Debug|Any CPU
		{A0502934-F0B8-40ED-9849-E4392CE37AF4}.Debug|x86.ActiveCfg = Debug|Any CPU
		{A0502934-F0B8-40ED-9849-E4392CE37AF4}.Release|Any CPU.ActiveCfg = Release|Any CPU
		{A0502934-F0B8-40ED-9849-E4392CE37AF4}.Release|Any CPU.Build.0 = Release|Any CPU
		{A0502934-F0B8-40ED-9849-E4392CE37AF4}.Release|Mixed Platforms.ActiveCfg = Release|Any CPU
		{A0502934-F0B8-40ED-9849-E4392CE37AF4}.Release|Mixed Platforms.Build.0 = Release|Any CPU
		{A0502934-F0B8-40ED-9849-E4392CE37AF4}.Release|x86.ActiveCfg = Release|Any CPU
	EndGlobalSection
	GlobalSection(SolutionProperties) = preSolution
		HideSolutionNode = FALSE
	EndGlobalSection
	GlobalSection(MonoDevelopProperties) = preSolution
		StartupItem = MASGAU.Main.Gtk\MASGAU.Main.Gtk.csproj
		Policies = $0
		$0.TextStylePolicy = $1
		$1.inheritsSet = null
		$1.scope = text/x-csharp
		$0.CSharpFormattingPolicy = $2
		$2.inheritsSet = Mono
		$2.inheritsScope = text/x-csharp
		$2.scope = text/x-csharp
		version = 0.9
	EndGlobalSection
EndGlobal
