
Microsoft Visual Studio Solution File, Format Version 11.00
# Visual Studio 2010
Project("{FAE04EC0-301F-11D3-BF4B-00C04F79EFBC}") = "MASGAU.GTK", "MASGAU.GTK\MASGAU.GTK.csproj", "{4E67AE78-2811-4AA4-8347-72008E47D72B}"
EndProject
Project("{FAE04EC0-301F-11D3-BF4B-00C04F79EFBC}") = "MASGAU.POSIX", "MASGAU.POSIX\MASGAU.POSIX.csproj", "{020CA889-906F-4232-AB71-04CD902ACB3D}"
EndProject
Project("{FAE04EC0-301F-11D3-BF4B-00C04F79EFBC}") = "MASGAU.Common", "MASGAU.Common\MASGAU.Common.csproj", "{E62FA937-9B38-4475-87D4-1A79EC4DD7E5}"
EndProject
Project("{FAE04EC0-301F-11D3-BF4B-00C04F79EFBC}") = "Collections", "Libs\Collections\Collections.csproj", "{88E4E120-9C45-4EAC-887B-B77474B799B4}"
EndProject
Project("{FAE04EC0-301F-11D3-BF4B-00C04F79EFBC}") = "Config", "Libs\Config\Config.csproj", "{8176F259-FA07-4CA5-943D-4AA31D5FB857}"
EndProject
Project("{FAE04EC0-301F-11D3-BF4B-00C04F79EFBC}") = "Email", "Libs\Email\Email.csproj", "{4B1E68FF-639F-4C26-98FC-59409D584BE2}"
EndProject
Project("{FAE04EC0-301F-11D3-BF4B-00C04F79EFBC}") = "Exceptions", "Libs\Exceptions\Exceptions.csproj", "{22450FF6-F8AB-4D85-BBC4-F3EC3822D1C5}"
EndProject
Project("{FAE04EC0-301F-11D3-BF4B-00C04F79EFBC}") = "GameSave.Info", "Libs\GameSave.Info\GameSave.Info.csproj", "{937CDE2B-963A-4624-A460-C95676260D35}"
EndProject
Project("{FAE04EC0-301F-11D3-BF4B-00C04F79EFBC}") = "Logger", "Libs\Logger\Logger.csproj", "{CD1B810F-38EC-41CE-974F-7B0EE5CD8B87}"
EndProject
Project("{FAE04EC0-301F-11D3-BF4B-00C04F79EFBC}") = "MVC", "Libs\MVC\MVC.csproj", "{4670BE82-DDDF-4614-BE3B-FB5DE4226D93}"
EndProject
Project("{FAE04EC0-301F-11D3-BF4B-00C04F79EFBC}") = "Translator", "Libs\Translator\Translator.csproj", "{1B233D4E-7DF0-4608-A0D5-94D416B5B359}"
EndProject
Project("{FAE04EC0-301F-11D3-BF4B-00C04F79EFBC}") = "Updater", "Libs\Updater\Updater.csproj", "{292010F1-B671-4E46-BB96-3F8574E3C7B2}"
EndProject
Project("{FAE04EC0-301F-11D3-BF4B-00C04F79EFBC}") = "VDF", "Libs\VDF\VDF.csproj", "{8392B97A-0EA5-489B-92A3-BBE9CFCCB5A5}"
EndProject
Project("{FAE04EC0-301F-11D3-BF4B-00C04F79EFBC}") = "XmlData", "Libs\XmlData\XmlData.csproj", "{427B2AD4-31CC-4308-A9AB-5264D4A51A3B}"
EndProject
Project("{FAE04EC0-301F-11D3-BF4B-00C04F79EFBC}") = "MVC.Translator", "Libs\MVC.Translator\MVC.Translator.csproj", "{A0502934-F0B8-40ED-9849-E4392CE37AF4}"
EndProject
Project("{FAE04EC0-301F-11D3-BF4B-00C04F79EFBC}") = "MVC.GTK", "Libs\MVC.GTK\MVC.GTK.csproj", "{BAD0F1D7-C5FA-4D20-BECC-776A9C44D5BF}"
EndProject
Global
	GlobalSection(SolutionConfigurationPlatforms) = preSolution
		Debug|x86 = Debug|x86
		Release|x86 = Release|x86
		GTK|Any CPU = GTK|Any CPU
	EndGlobalSection
	GlobalSection(ProjectConfigurationPlatforms) = postSolution
		{020CA889-906F-4232-AB71-04CD902ACB3D}.Debug|x86.ActiveCfg = Debug|Any CPU
		{020CA889-906F-4232-AB71-04CD902ACB3D}.Debug|x86.Build.0 = Debug|Any CPU
		{020CA889-906F-4232-AB71-04CD902ACB3D}.Release|x86.ActiveCfg = Release|Any CPU
		{020CA889-906F-4232-AB71-04CD902ACB3D}.Release|x86.Build.0 = Release|Any CPU
		{1B233D4E-7DF0-4608-A0D5-94D416B5B359}.Debug|x86.ActiveCfg = Debug|Any CPU
		{1B233D4E-7DF0-4608-A0D5-94D416B5B359}.Debug|x86.Build.0 = Debug|Any CPU
		{1B233D4E-7DF0-4608-A0D5-94D416B5B359}.GTK|Any CPU.ActiveCfg = Debug|Any CPU
		{1B233D4E-7DF0-4608-A0D5-94D416B5B359}.GTK|Any CPU.Build.0 = Debug|Any CPU
		{1B233D4E-7DF0-4608-A0D5-94D416B5B359}.Release|x86.ActiveCfg = Release|Any CPU
		{1B233D4E-7DF0-4608-A0D5-94D416B5B359}.Release|x86.Build.0 = Release|Any CPU
		{22450FF6-F8AB-4D85-BBC4-F3EC3822D1C5}.Debug|x86.ActiveCfg = Debug|Any CPU
		{22450FF6-F8AB-4D85-BBC4-F3EC3822D1C5}.Debug|x86.Build.0 = Debug|Any CPU
		{22450FF6-F8AB-4D85-BBC4-F3EC3822D1C5}.GTK|Any CPU.ActiveCfg = Debug|Any CPU
		{22450FF6-F8AB-4D85-BBC4-F3EC3822D1C5}.GTK|Any CPU.Build.0 = Debug|Any CPU
		{22450FF6-F8AB-4D85-BBC4-F3EC3822D1C5}.Release|x86.ActiveCfg = Release|Any CPU
		{22450FF6-F8AB-4D85-BBC4-F3EC3822D1C5}.Release|x86.Build.0 = Release|Any CPU
		{292010F1-B671-4E46-BB96-3F8574E3C7B2}.Debug|x86.ActiveCfg = Debug|Any CPU
		{292010F1-B671-4E46-BB96-3F8574E3C7B2}.Debug|x86.Build.0 = Debug|Any CPU
		{292010F1-B671-4E46-BB96-3F8574E3C7B2}.GTK|Any CPU.ActiveCfg = Debug|Any CPU
		{292010F1-B671-4E46-BB96-3F8574E3C7B2}.GTK|Any CPU.Build.0 = Debug|Any CPU
		{292010F1-B671-4E46-BB96-3F8574E3C7B2}.Release|x86.ActiveCfg = Release|Any CPU
		{292010F1-B671-4E46-BB96-3F8574E3C7B2}.Release|x86.Build.0 = Release|Any CPU
		{427B2AD4-31CC-4308-A9AB-5264D4A51A3B}.Debug|x86.ActiveCfg = Debug|Any CPU
		{427B2AD4-31CC-4308-A9AB-5264D4A51A3B}.Debug|x86.Build.0 = Debug|Any CPU
		{427B2AD4-31CC-4308-A9AB-5264D4A51A3B}.GTK|Any CPU.ActiveCfg = Debug|Any CPU
		{427B2AD4-31CC-4308-A9AB-5264D4A51A3B}.GTK|Any CPU.Build.0 = Debug|Any CPU
		{427B2AD4-31CC-4308-A9AB-5264D4A51A3B}.Release|x86.ActiveCfg = Release|Any CPU
		{427B2AD4-31CC-4308-A9AB-5264D4A51A3B}.Release|x86.Build.0 = Release|Any CPU
		{4670BE82-DDDF-4614-BE3B-FB5DE4226D93}.Debug|x86.ActiveCfg = Debug|Any CPU
		{4670BE82-DDDF-4614-BE3B-FB5DE4226D93}.Debug|x86.Build.0 = Debug|Any CPU
		{4670BE82-DDDF-4614-BE3B-FB5DE4226D93}.GTK|Any CPU.ActiveCfg = Debug|Any CPU
		{4670BE82-DDDF-4614-BE3B-FB5DE4226D93}.GTK|Any CPU.Build.0 = Debug|Any CPU
		{4670BE82-DDDF-4614-BE3B-FB5DE4226D93}.Release|x86.ActiveCfg = Release|Any CPU
		{4670BE82-DDDF-4614-BE3B-FB5DE4226D93}.Release|x86.Build.0 = Release|Any CPU
		{4B1E68FF-639F-4C26-98FC-59409D584BE2}.Debug|x86.ActiveCfg = Debug|Any CPU
		{4B1E68FF-639F-4C26-98FC-59409D584BE2}.Debug|x86.Build.0 = Debug|Any CPU
		{4B1E68FF-639F-4C26-98FC-59409D584BE2}.GTK|Any CPU.ActiveCfg = Debug|Any CPU
		{4B1E68FF-639F-4C26-98FC-59409D584BE2}.GTK|Any CPU.Build.0 = Debug|Any CPU
		{4B1E68FF-639F-4C26-98FC-59409D584BE2}.Release|x86.ActiveCfg = Release|Any CPU
		{4B1E68FF-639F-4C26-98FC-59409D584BE2}.Release|x86.Build.0 = Release|Any CPU
		{4E67AE78-2811-4AA4-8347-72008E47D72B}.Debug|x86.ActiveCfg = Debug|x86
		{4E67AE78-2811-4AA4-8347-72008E47D72B}.Debug|x86.Build.0 = Debug|x86
		{4E67AE78-2811-4AA4-8347-72008E47D72B}.Release|x86.ActiveCfg = Release|x86
		{4E67AE78-2811-4AA4-8347-72008E47D72B}.Release|x86.Build.0 = Release|x86
		{8176F259-FA07-4CA5-943D-4AA31D5FB857}.Debug|x86.ActiveCfg = Debug|Any CPU
		{8176F259-FA07-4CA5-943D-4AA31D5FB857}.Debug|x86.Build.0 = Debug|Any CPU
		{8176F259-FA07-4CA5-943D-4AA31D5FB857}.GTK|Any CPU.ActiveCfg = Debug|Any CPU
		{8176F259-FA07-4CA5-943D-4AA31D5FB857}.GTK|Any CPU.Build.0 = Debug|Any CPU
		{8176F259-FA07-4CA5-943D-4AA31D5FB857}.Release|x86.ActiveCfg = Release|Any CPU
		{8176F259-FA07-4CA5-943D-4AA31D5FB857}.Release|x86.Build.0 = Release|Any CPU
		{8392B97A-0EA5-489B-92A3-BBE9CFCCB5A5}.Debug|x86.ActiveCfg = Debug|Any CPU
		{8392B97A-0EA5-489B-92A3-BBE9CFCCB5A5}.Debug|x86.Build.0 = Debug|Any CPU
		{8392B97A-0EA5-489B-92A3-BBE9CFCCB5A5}.GTK|Any CPU.ActiveCfg = Debug|Any CPU
		{8392B97A-0EA5-489B-92A3-BBE9CFCCB5A5}.GTK|Any CPU.Build.0 = Debug|Any CPU
		{8392B97A-0EA5-489B-92A3-BBE9CFCCB5A5}.Release|x86.ActiveCfg = Release|Any CPU
		{8392B97A-0EA5-489B-92A3-BBE9CFCCB5A5}.Release|x86.Build.0 = Release|Any CPU
		{88E4E120-9C45-4EAC-887B-B77474B799B4}.Debug|x86.ActiveCfg = Debug|Any CPU
		{88E4E120-9C45-4EAC-887B-B77474B799B4}.Debug|x86.Build.0 = Debug|Any CPU
		{88E4E120-9C45-4EAC-887B-B77474B799B4}.GTK|Any CPU.ActiveCfg = Debug|Any CPU
		{88E4E120-9C45-4EAC-887B-B77474B799B4}.GTK|Any CPU.Build.0 = Debug|Any CPU
		{88E4E120-9C45-4EAC-887B-B77474B799B4}.Release|x86.ActiveCfg = Release|Any CPU
		{88E4E120-9C45-4EAC-887B-B77474B799B4}.Release|x86.Build.0 = Release|Any CPU
		{937CDE2B-963A-4624-A460-C95676260D35}.Debug|x86.ActiveCfg = Debug|Any CPU
		{937CDE2B-963A-4624-A460-C95676260D35}.Debug|x86.Build.0 = Debug|Any CPU
		{937CDE2B-963A-4624-A460-C95676260D35}.GTK|Any CPU.ActiveCfg = Debug|Any CPU
		{937CDE2B-963A-4624-A460-C95676260D35}.GTK|Any CPU.Build.0 = Debug|Any CPU
		{937CDE2B-963A-4624-A460-C95676260D35}.Release|x86.ActiveCfg = Release|Any CPU
		{937CDE2B-963A-4624-A460-C95676260D35}.Release|x86.Build.0 = Release|Any CPU
		{A0502934-F0B8-40ED-9849-E4392CE37AF4}.Debug|x86.ActiveCfg = Debug|Any CPU
		{A0502934-F0B8-40ED-9849-E4392CE37AF4}.Debug|x86.Build.0 = Debug|Any CPU
		{A0502934-F0B8-40ED-9849-E4392CE37AF4}.GTK|Any CPU.ActiveCfg = Debug|Any CPU
		{A0502934-F0B8-40ED-9849-E4392CE37AF4}.GTK|Any CPU.Build.0 = Debug|Any CPU
		{A0502934-F0B8-40ED-9849-E4392CE37AF4}.Release|x86.ActiveCfg = Release|Any CPU
		{A0502934-F0B8-40ED-9849-E4392CE37AF4}.Release|x86.Build.0 = Release|Any CPU
		{BAD0F1D7-C5FA-4D20-BECC-776A9C44D5BF}.Debug|x86.ActiveCfg = Debug|Any CPU
		{BAD0F1D7-C5FA-4D20-BECC-776A9C44D5BF}.Debug|x86.Build.0 = Debug|Any CPU
		{BAD0F1D7-C5FA-4D20-BECC-776A9C44D5BF}.GTK|Any CPU.ActiveCfg = Debug|Any CPU
		{BAD0F1D7-C5FA-4D20-BECC-776A9C44D5BF}.GTK|Any CPU.Build.0 = Debug|Any CPU
		{BAD0F1D7-C5FA-4D20-BECC-776A9C44D5BF}.Release|x86.ActiveCfg = Release|Any CPU
		{BAD0F1D7-C5FA-4D20-BECC-776A9C44D5BF}.Release|x86.Build.0 = Release|Any CPU
		{CD1B810F-38EC-41CE-974F-7B0EE5CD8B87}.Debug|x86.ActiveCfg = Debug|Any CPU
		{CD1B810F-38EC-41CE-974F-7B0EE5CD8B87}.Debug|x86.Build.0 = Debug|Any CPU
		{CD1B810F-38EC-41CE-974F-7B0EE5CD8B87}.GTK|Any CPU.ActiveCfg = Debug|Any CPU
		{CD1B810F-38EC-41CE-974F-7B0EE5CD8B87}.GTK|Any CPU.Build.0 = Debug|Any CPU
		{CD1B810F-38EC-41CE-974F-7B0EE5CD8B87}.Release|x86.ActiveCfg = Release|Any CPU
		{CD1B810F-38EC-41CE-974F-7B0EE5CD8B87}.Release|x86.Build.0 = Release|Any CPU
		{E62FA937-9B38-4475-87D4-1A79EC4DD7E5}.Debug|x86.ActiveCfg = Debug|Any CPU
		{E62FA937-9B38-4475-87D4-1A79EC4DD7E5}.Debug|x86.Build.0 = Debug|Any CPU
		{E62FA937-9B38-4475-87D4-1A79EC4DD7E5}.GTK|Any CPU.ActiveCfg = GTK|Any CPU
		{E62FA937-9B38-4475-87D4-1A79EC4DD7E5}.GTK|Any CPU.Build.0 = GTK|Any CPU
		{E62FA937-9B38-4475-87D4-1A79EC4DD7E5}.Release|x86.ActiveCfg = Release|Any CPU
		{E62FA937-9B38-4475-87D4-1A79EC4DD7E5}.Release|x86.Build.0 = Release|Any CPU
	EndGlobalSection
	GlobalSection(MonoDevelopProperties) = preSolution
		StartupItem = MASGAU.GTK\MASGAU.GTK.csproj
		Policies = $0
		$0.DotNetNamingPolicy = $1
		$1.DirectoryNamespaceAssociation = Flat
		$1.ResourceNamePolicy = FileFormatDefault
		$0.TextStylePolicy = $2
		$2.FileWidth = 120
		$2.TabsToSpaces = False
		$2.inheritsSet = VisualStudio
		$2.inheritsScope = text/plain
		$2.scope = text/plain
		$0.TextStylePolicy = $3
		$3.inheritsSet = null
		$3.scope = text/x-csharp
		$0.CSharpFormattingPolicy = $4
		$4.NamespaceBraceStyle = EndOfLine
		$4.ClassBraceStyle = EndOfLine
		$4.InterfaceBraceStyle = EndOfLine
		$4.StructBraceStyle = EndOfLine
		$4.EnumBraceStyle = EndOfLine
		$4.MethodBraceStyle = EndOfLine
		$4.ConstructorBraceStyle = EndOfLine
		$4.DestructorBraceStyle = EndOfLine
		$4.inheritsSet = Mono
		$4.inheritsScope = text/x-csharp
		$4.scope = text/x-csharp
		$0.StandardHeader = $5
		$5.Text = 
		$5.IncludeInNewFiles = True
		$0.NameConventionPolicy = $6
		$6.Rules = $7
		$7.NamingRule = $8
		$8.Name = Namespaces
		$8.AffectedEntity = Namespace
		$8.VisibilityMask = VisibilityMask
		$8.NamingStyle = PascalCase
		$8.IncludeInstanceMembers = True
		$8.IncludeStaticEntities = True
		$7.NamingRule = $9
		$9.Name = Types
		$9.AffectedEntity = Class, Struct, Enum, Delegate
		$9.VisibilityMask = Public
		$9.NamingStyle = PascalCase
		$9.IncludeInstanceMembers = True
		$9.IncludeStaticEntities = True
		$7.NamingRule = $10
		$10.Name = Interfaces
		$10.RequiredPrefixes = $11
		$11.String = I
		$10.AffectedEntity = Interface
		$10.VisibilityMask = Public
		$10.NamingStyle = PascalCase
		$10.IncludeInstanceMembers = True
		$10.IncludeStaticEntities = True
		$7.NamingRule = $12
		$12.Name = Attributes
		$12.RequiredSuffixes = $13
		$13.String = Attribute
		$12.AffectedEntity = CustomAttributes
		$12.VisibilityMask = Public
		$12.NamingStyle = PascalCase
		$12.IncludeInstanceMembers = True
		$12.IncludeStaticEntities = True
		$7.NamingRule = $14
		$14.Name = Event Arguments
		$14.RequiredSuffixes = $15
		$15.String = EventArgs
		$14.AffectedEntity = CustomEventArgs
		$14.VisibilityMask = Public
		$14.NamingStyle = PascalCase
		$14.IncludeInstanceMembers = True
		$14.IncludeStaticEntities = True
		$7.NamingRule = $16
		$16.Name = Exceptions
		$16.RequiredSuffixes = $17
		$17.String = Exception
		$16.AffectedEntity = CustomExceptions
		$16.VisibilityMask = VisibilityMask
		$16.NamingStyle = PascalCase
		$16.IncludeInstanceMembers = True
		$16.IncludeStaticEntities = True
		$7.NamingRule = $18
		$18.Name = Methods
		$18.AffectedEntity = Methods
		$18.VisibilityMask = Protected, Public
		$18.NamingStyle = PascalCase
		$18.IncludeInstanceMembers = True
		$18.IncludeStaticEntities = True
		$7.NamingRule = $19
		$19.Name = Static Readonly Fields
		$19.AffectedEntity = ReadonlyField
		$19.VisibilityMask = Protected, Public
		$19.NamingStyle = PascalCase
		$19.IncludeInstanceMembers = False
		$19.IncludeStaticEntities = True
		$7.NamingRule = $20
		$20.Name = Fields
		$20.AffectedEntity = Field
		$20.VisibilityMask = Protected, Public
		$20.NamingStyle = PascalCase
		$20.IncludeInstanceMembers = True
		$20.IncludeStaticEntities = True
		$7.NamingRule = $21
		$21.Name = ReadOnly Fields
		$21.AffectedEntity = ReadonlyField
		$21.VisibilityMask = Protected, Public
		$21.NamingStyle = PascalCase
		$21.IncludeInstanceMembers = True
		$21.IncludeStaticEntities = False
		$7.NamingRule = $22
		$22.Name = Constant Fields
		$22.AffectedEntity = ConstantField
		$22.VisibilityMask = Protected, Public
		$22.NamingStyle = PascalCase
		$22.IncludeInstanceMembers = True
		$22.IncludeStaticEntities = True
		$7.NamingRule = $23
		$23.Name = Properties
		$23.AffectedEntity = Property
		$23.VisibilityMask = Protected, Public
		$23.NamingStyle = PascalCase
		$23.IncludeInstanceMembers = True
		$23.IncludeStaticEntities = True
		$7.NamingRule = $24
		$24.Name = Events
		$24.AffectedEntity = Event
		$24.VisibilityMask = Protected, Public
		$24.NamingStyle = PascalCase
		$24.IncludeInstanceMembers = True
		$24.IncludeStaticEntities = True
		$7.NamingRule = $25
		$25.Name = Enum Members
		$25.AffectedEntity = EnumMember
		$25.VisibilityMask = VisibilityMask
		$25.NamingStyle = PascalCase
		$25.IncludeInstanceMembers = True
		$25.IncludeStaticEntities = True
		$7.NamingRule = $26
		$26.Name = Parameters
		$26.AffectedEntity = Parameter
		$26.VisibilityMask = VisibilityMask
		$26.NamingStyle = CamelCase
		$26.IncludeInstanceMembers = True
		$26.IncludeStaticEntities = True
		$7.NamingRule = $27
		$27.Name = Type Parameters
		$27.RequiredPrefixes = $28
		$28.String = T
		$27.AffectedEntity = TypeParameter
		$27.VisibilityMask = VisibilityMask
		$27.NamingStyle = PascalCase
		$27.IncludeInstanceMembers = True
		$27.IncludeStaticEntities = True
		$0.VersionControlPolicy = $29
		$29.inheritsSet = Mono
		version = 1.1.0
	EndGlobalSection
EndGlobal
