
Microsoft Visual Studio Solution File, Format Version 11.00
# Visual C# Express 2010
Project("{FAE04EC0-301F-11D3-BF4B-00C04F79EFBC}") = "MASGAU", "MASGAU\MASGAU.csproj", "{12C8E695-52B9-4695-9144-CE0BAFF50AFD}"
	ProjectSection(ProjectDependencies) = postProject
		{91A26487-E486-41C4-8168-CC3BC738A1C0} = {91A26487-E486-41C4-8168-CC3BC738A1C0}
		{4F0E43B0-0E50-4CFA-AB6B-7453685CDED5} = {4F0E43B0-0E50-4CFA-AB6B-7453685CDED5}
		{5DA7EADE-9263-4ED8-AE1F-9AE74BC4257D} = {5DA7EADE-9263-4ED8-AE1F-9AE74BC4257D}
		{30BC48F1-5050-4491-BE9E-3982E4540868} = {30BC48F1-5050-4491-BE9E-3982E4540868}
	EndProjectSection
EndProject
Project("{FAE04EC0-301F-11D3-BF4B-00C04F79EFBC}") = "Monitor", "Monitor\Monitor.csproj", "{4F0E43B0-0E50-4CFA-AB6B-7453685CDED5}"
	ProjectSection(ProjectDependencies) = postProject
		{91A26487-E486-41C4-8168-CC3BC738A1C0} = {91A26487-E486-41C4-8168-CC3BC738A1C0}
	EndProjectSection
EndProject
Project("{FAE04EC0-301F-11D3-BF4B-00C04F79EFBC}") = "Analyzer", "Analyzer\Analyzer.csproj", "{30BC48F1-5050-4491-BE9E-3982E4540868}"
EndProject
Project("{FAE04EC0-301F-11D3-BF4B-00C04F79EFBC}") = "Task", "Task\Task.csproj", "{5DA7EADE-9263-4ED8-AE1F-9AE74BC4257D}"
EndProject
Project("{FAE04EC0-301F-11D3-BF4B-00C04F79EFBC}") = "Updater", "Updater\Updater.csproj", "{91A26487-E486-41C4-8168-CC3BC738A1C0}"
EndProject
Global
	GlobalSection(SolutionConfigurationPlatforms) = preSolution
		Debug|x86 = Debug|x86
		Release|x86 = Release|x86
	EndGlobalSection
	GlobalSection(ProjectConfigurationPlatforms) = postSolution
		{12C8E695-52B9-4695-9144-CE0BAFF50AFD}.Debug|x86.ActiveCfg = Debug|x86
		{12C8E695-52B9-4695-9144-CE0BAFF50AFD}.Debug|x86.Build.0 = Debug|x86
		{12C8E695-52B9-4695-9144-CE0BAFF50AFD}.Release|x86.ActiveCfg = Release|x86
		{12C8E695-52B9-4695-9144-CE0BAFF50AFD}.Release|x86.Build.0 = Release|x86
		{4F0E43B0-0E50-4CFA-AB6B-7453685CDED5}.Debug|x86.ActiveCfg = Debug|x86
		{4F0E43B0-0E50-4CFA-AB6B-7453685CDED5}.Debug|x86.Build.0 = Debug|x86
		{4F0E43B0-0E50-4CFA-AB6B-7453685CDED5}.Release|x86.ActiveCfg = Release|x86
		{4F0E43B0-0E50-4CFA-AB6B-7453685CDED5}.Release|x86.Build.0 = Release|x86
		{30BC48F1-5050-4491-BE9E-3982E4540868}.Debug|x86.ActiveCfg = Debug|x86
		{30BC48F1-5050-4491-BE9E-3982E4540868}.Debug|x86.Build.0 = Debug|x86
		{30BC48F1-5050-4491-BE9E-3982E4540868}.Release|x86.ActiveCfg = Release|x86
		{30BC48F1-5050-4491-BE9E-3982E4540868}.Release|x86.Build.0 = Release|x86
		{5DA7EADE-9263-4ED8-AE1F-9AE74BC4257D}.Debug|x86.ActiveCfg = Debug|x86
		{5DA7EADE-9263-4ED8-AE1F-9AE74BC4257D}.Debug|x86.Build.0 = Debug|x86
		{5DA7EADE-9263-4ED8-AE1F-9AE74BC4257D}.Release|x86.ActiveCfg = Release|x86
		{5DA7EADE-9263-4ED8-AE1F-9AE74BC4257D}.Release|x86.Build.0 = Release|x86
		{91A26487-E486-41C4-8168-CC3BC738A1C0}.Debug|x86.ActiveCfg = Debug|x86
		{91A26487-E486-41C4-8168-CC3BC738A1C0}.Debug|x86.Build.0 = Debug|x86
		{91A26487-E486-41C4-8168-CC3BC738A1C0}.Release|x86.ActiveCfg = Release|x86
		{91A26487-E486-41C4-8168-CC3BC738A1C0}.Release|x86.Build.0 = Release|x86
	EndGlobalSection
	GlobalSection(SolutionProperties) = preSolution
		HideSolutionNode = FALSE
	EndGlobalSection
EndGlobal
