
Microsoft Visual Studio Solution File, Format Version 11.00
# Visual Studio 2010
Project("{FAE04EC0-301F-11D3-BF4B-00C04F79EFBC}") = "MASGAU", "MASGAU\MASGAU.csproj", "{E62FA937-9B38-4475-87D4-1A79EC4DD7E5}"
EndProject
Project("{FAE04EC0-301F-11D3-BF4B-00C04F79EFBC}") = "Data", "Data\Data.csproj", "{BE8FCB2E-AACA-446F-AF9A-F201BE2989C0}"
EndProject
Project("{FAE04EC0-301F-11D3-BF4B-00C04F79EFBC}") = "MASGAU.Main.Gtk", "MASGAU.Main.Gtk\MASGAU.Main.Gtk.csproj", "{2DCACDC2-8139-40AC-87C6-EB5AF73E7219}"
EndProject
Project("{FAE04EC0-301F-11D3-BF4B-00C04F79EFBC}") = "MASGAU.Monitor", "MASGAU.Monitor\MASGAU.Monitor.csproj", "{4232A9BF-FEB6-43CE-B1DA-FD9738179197}"
EndProject
Project("{FAE04EC0-301F-11D3-BF4B-00C04F79EFBC}") = "MASGAU.Main", "MASGAU.Main\MASGAU.Main.csproj", "{200C1855-FBC7-4133-A5DD-0B1C32B75121}"
EndProject
Project("{FAE04EC0-301F-11D3-BF4B-00C04F79EFBC}") = "MASGAU.Analyzer", "MASGAU.Analyzer\MASGAU.Analyzer.csproj", "{B01BFC57-F093-40C5-AE96-BF81B89176C2}"
EndProject
Project("{FAE04EC0-301F-11D3-BF4B-00C04F79EFBC}") = "MASGAU.Updater", "MASGAU.Updater\MASGAU.Updater.csproj", "{589E0815-04F6-4DE2-9CAE-F330D66FFE81}"
EndProject
Project("{FAE04EC0-301F-11D3-BF4B-00C04F79EFBC}") = "MASGAU.Updater.Gtk", "MASGAU.Updater.Gtk\MASGAU.Updater.Gtk.csproj", "{48CAE32D-9B56-4AE5-8794-12BE28AB23AE}"
EndProject
Project("{FAE04EC0-301F-11D3-BF4B-00C04F79EFBC}") = "MASGAU.Analyzer.Gtk", "MASGAU.Analyzer.Gtk\MASGAU.Analyzer.Gtk.csproj", "{07E0B781-71EE-44E5-9248-1EEA161D9A8D}"
EndProject
Project("{FAE04EC0-301F-11D3-BF4B-00C04F79EFBC}") = "MASGAU.Gtk", "MASGAU.Gtk\MASGAU.Gtk.csproj", "{C2F897BF-9BAC-4CA3-B4D0-2F9E57E2A519}"
EndProject
Project("{FAE04EC0-301F-11D3-BF4B-00C04F79EFBC}") = "MASGAU.Mono", "MASGAU.Mono\MASGAU.Mono.csproj", "{4582E103-1A6E-4D0D-89E0-CD5CC3D9C605}"
EndProject
Project("{FAE04EC0-301F-11D3-BF4B-00C04F79EFBC}") = "MASGAU.Console", "MASGAU.Console\MASGAU.Console.csproj", "{C6B94E9A-53EF-4878-801C-0AB5D657F9AB}"
EndProject
Project("{FAE04EC0-301F-11D3-BF4B-00C04F79EFBC}") = "MASGAU.Console.Posix", "MASGAU.Console.Posix\MASGAU.Console.Posix.csproj", "{EC344FB5-3AD4-48F4-8698-C154145DA731}"
EndProject
Project("{FAE04EC0-301F-11D3-BF4B-00C04F79EFBC}") = "Translations", "Translations\Translations.csproj", "{15E3EF1C-3EBB-4263-BABB-03FEDEC6A41E}"
EndProject
Project("{FAE04EC0-301F-11D3-BF4B-00C04F79EFBC}") = "MASGAU.Monitor.Gtk", "MASGAU.Monitor.Gtk\MASGAU.Monitor.Gtk.csproj", "{2F98BD41-5165-4A0D-865B-C6AF154D52B8}"
EndProject
Project("{FAE04EC0-301F-11D3-BF4B-00C04F79EFBC}") = "MASGAU.Restore.Gtk", "MASGAU.Restore.Gtk\MASGAU.Restore.Gtk.csproj", "{A5912FD5-AE33-4219-B30C-B782A4EBA5C4}"
EndProject
Global
	GlobalSection(SolutionConfigurationPlatforms) = preSolution
		Debug|Any CPU = Debug|Any CPU
		Release|Any CPU = Release|Any CPU
	EndGlobalSection
	GlobalSection(ProjectConfigurationPlatforms) = postSolution
		{07E0B781-71EE-44E5-9248-1EEA161D9A8D}.Debug|Any CPU.ActiveCfg = Debug|Any CPU
		{07E0B781-71EE-44E5-9248-1EEA161D9A8D}.Debug|Any CPU.Build.0 = Debug|Any CPU
		{07E0B781-71EE-44E5-9248-1EEA161D9A8D}.Release|Any CPU.ActiveCfg = Release|Any CPU
		{07E0B781-71EE-44E5-9248-1EEA161D9A8D}.Release|Any CPU.Build.0 = Release|Any CPU
		{15E3EF1C-3EBB-4263-BABB-03FEDEC6A41E}.Debug|Any CPU.ActiveCfg = Debug|Any CPU
		{15E3EF1C-3EBB-4263-BABB-03FEDEC6A41E}.Debug|Any CPU.Build.0 = Debug|Any CPU
		{15E3EF1C-3EBB-4263-BABB-03FEDEC6A41E}.Release|Any CPU.ActiveCfg = Release|Any CPU
		{15E3EF1C-3EBB-4263-BABB-03FEDEC6A41E}.Release|Any CPU.Build.0 = Release|Any CPU
		{200C1855-FBC7-4133-A5DD-0B1C32B75121}.Debug|Any CPU.ActiveCfg = Debug|Any CPU
		{200C1855-FBC7-4133-A5DD-0B1C32B75121}.Debug|Any CPU.Build.0 = Debug|Any CPU
		{200C1855-FBC7-4133-A5DD-0B1C32B75121}.Release|Any CPU.ActiveCfg = Release|Any CPU
		{200C1855-FBC7-4133-A5DD-0B1C32B75121}.Release|Any CPU.Build.0 = Release|Any CPU
		{2DCACDC2-8139-40AC-87C6-EB5AF73E7219}.Debug|Any CPU.ActiveCfg = Debug|Any CPU
		{2DCACDC2-8139-40AC-87C6-EB5AF73E7219}.Debug|Any CPU.Build.0 = Debug|Any CPU
		{2DCACDC2-8139-40AC-87C6-EB5AF73E7219}.Release|Any CPU.ActiveCfg = Release|Any CPU
		{2DCACDC2-8139-40AC-87C6-EB5AF73E7219}.Release|Any CPU.Build.0 = Release|Any CPU
		{2F98BD41-5165-4A0D-865B-C6AF154D52B8}.Debug|Any CPU.ActiveCfg = Debug|Any CPU
		{2F98BD41-5165-4A0D-865B-C6AF154D52B8}.Debug|Any CPU.Build.0 = Debug|Any CPU
		{2F98BD41-5165-4A0D-865B-C6AF154D52B8}.Release|Any CPU.ActiveCfg = Release|Any CPU
		{2F98BD41-5165-4A0D-865B-C6AF154D52B8}.Release|Any CPU.Build.0 = Release|Any CPU
		{4232A9BF-FEB6-43CE-B1DA-FD9738179197}.Debug|Any CPU.ActiveCfg = Debug|Any CPU
		{4232A9BF-FEB6-43CE-B1DA-FD9738179197}.Debug|Any CPU.Build.0 = Debug|Any CPU
		{4232A9BF-FEB6-43CE-B1DA-FD9738179197}.Release|Any CPU.ActiveCfg = Release|Any CPU
		{4232A9BF-FEB6-43CE-B1DA-FD9738179197}.Release|Any CPU.Build.0 = Release|Any CPU
		{4582E103-1A6E-4D0D-89E0-CD5CC3D9C605}.Debug|Any CPU.ActiveCfg = Debug|Any CPU
		{4582E103-1A6E-4D0D-89E0-CD5CC3D9C605}.Debug|Any CPU.Build.0 = Debug|Any CPU
		{4582E103-1A6E-4D0D-89E0-CD5CC3D9C605}.Release|Any CPU.ActiveCfg = Release|Any CPU
		{4582E103-1A6E-4D0D-89E0-CD5CC3D9C605}.Release|Any CPU.Build.0 = Release|Any CPU
		{48CAE32D-9B56-4AE5-8794-12BE28AB23AE}.Debug|Any CPU.ActiveCfg = Debug|Any CPU
		{48CAE32D-9B56-4AE5-8794-12BE28AB23AE}.Debug|Any CPU.Build.0 = Debug|Any CPU
		{48CAE32D-9B56-4AE5-8794-12BE28AB23AE}.Release|Any CPU.ActiveCfg = Release|Any CPU
		{48CAE32D-9B56-4AE5-8794-12BE28AB23AE}.Release|Any CPU.Build.0 = Release|Any CPU
		{589E0815-04F6-4DE2-9CAE-F330D66FFE81}.Debug|Any CPU.ActiveCfg = Debug|Any CPU
		{589E0815-04F6-4DE2-9CAE-F330D66FFE81}.Debug|Any CPU.Build.0 = Debug|Any CPU
		{589E0815-04F6-4DE2-9CAE-F330D66FFE81}.Release|Any CPU.ActiveCfg = Release|Any CPU
		{589E0815-04F6-4DE2-9CAE-F330D66FFE81}.Release|Any CPU.Build.0 = Release|Any CPU
		{A5912FD5-AE33-4219-B30C-B782A4EBA5C4}.Debug|Any CPU.ActiveCfg = Debug|Any CPU
		{A5912FD5-AE33-4219-B30C-B782A4EBA5C4}.Debug|Any CPU.Build.0 = Debug|Any CPU
		{A5912FD5-AE33-4219-B30C-B782A4EBA5C4}.Release|Any CPU.ActiveCfg = Release|Any CPU
		{A5912FD5-AE33-4219-B30C-B782A4EBA5C4}.Release|Any CPU.Build.0 = Release|Any CPU
		{B01BFC57-F093-40C5-AE96-BF81B89176C2}.Debug|Any CPU.ActiveCfg = Debug|Any CPU
		{B01BFC57-F093-40C5-AE96-BF81B89176C2}.Debug|Any CPU.Build.0 = Debug|Any CPU
		{B01BFC57-F093-40C5-AE96-BF81B89176C2}.Release|Any CPU.ActiveCfg = Release|Any CPU
		{B01BFC57-F093-40C5-AE96-BF81B89176C2}.Release|Any CPU.Build.0 = Release|Any CPU
		{BE8FCB2E-AACA-446F-AF9A-F201BE2989C0}.Debug|Any CPU.ActiveCfg = Debug|Any CPU
		{BE8FCB2E-AACA-446F-AF9A-F201BE2989C0}.Debug|Any CPU.Build.0 = Debug|Any CPU
		{BE8FCB2E-AACA-446F-AF9A-F201BE2989C0}.Release|Any CPU.ActiveCfg = Release|Any CPU
		{BE8FCB2E-AACA-446F-AF9A-F201BE2989C0}.Release|Any CPU.Build.0 = Release|Any CPU
		{C2F897BF-9BAC-4CA3-B4D0-2F9E57E2A519}.Debug|Any CPU.ActiveCfg = Debug|Any CPU
		{C2F897BF-9BAC-4CA3-B4D0-2F9E57E2A519}.Debug|Any CPU.Build.0 = Debug|Any CPU
		{C2F897BF-9BAC-4CA3-B4D0-2F9E57E2A519}.Release|Any CPU.ActiveCfg = Release|Any CPU
		{C2F897BF-9BAC-4CA3-B4D0-2F9E57E2A519}.Release|Any CPU.Build.0 = Release|Any CPU
		{C6B94E9A-53EF-4878-801C-0AB5D657F9AB}.Debug|Any CPU.ActiveCfg = Debug|Any CPU
		{C6B94E9A-53EF-4878-801C-0AB5D657F9AB}.Debug|Any CPU.Build.0 = Debug|Any CPU
		{C6B94E9A-53EF-4878-801C-0AB5D657F9AB}.Release|Any CPU.ActiveCfg = Release|Any CPU
		{C6B94E9A-53EF-4878-801C-0AB5D657F9AB}.Release|Any CPU.Build.0 = Release|Any CPU
		{E62FA937-9B38-4475-87D4-1A79EC4DD7E5}.Debug|Any CPU.ActiveCfg = Debug|Any CPU
		{E62FA937-9B38-4475-87D4-1A79EC4DD7E5}.Debug|Any CPU.Build.0 = Debug|Any CPU
		{E62FA937-9B38-4475-87D4-1A79EC4DD7E5}.Release|Any CPU.ActiveCfg = Release|Any CPU
		{E62FA937-9B38-4475-87D4-1A79EC4DD7E5}.Release|Any CPU.Build.0 = Release|Any CPU
		{EC344FB5-3AD4-48F4-8698-C154145DA731}.Debug|Any CPU.ActiveCfg = Debug|Any CPU
		{EC344FB5-3AD4-48F4-8698-C154145DA731}.Debug|Any CPU.Build.0 = Debug|Any CPU
		{EC344FB5-3AD4-48F4-8698-C154145DA731}.Release|Any CPU.ActiveCfg = Release|Any CPU
		{EC344FB5-3AD4-48F4-8698-C154145DA731}.Release|Any CPU.Build.0 = Release|Any CPU
	EndGlobalSection
	GlobalSection(MonoDevelopProperties) = preSolution
		StartupItem = MASGAU.Analyzer.Gtk\MASGAU.Analyzer.Gtk.csproj
		Policies = $0
		$0.TextStylePolicy = $1
		$1.inheritsSet = null
		$1.scope = text/x-csharp
		$0.CSharpFormattingPolicy = $2
		$2.inheritsSet = Mono
		$2.inheritsScope = text/x-csharp
		$2.scope = text/x-csharp
		version = 0.10
	EndGlobalSection
	GlobalSection(SolutionProperties) = preSolution
		HideSolutionNode = FALSE
	EndGlobalSection
EndGlobal
